
Microsoft Visual Studio Solution File, Format Version 12.00
# Visual Studio Version 17
VisualStudioVersion = 17.7.34031.279
MinimumVisualStudioVersion = 10.0.40219.1
Project("{8BC9CEB8-8B4A-11D0-8D11-00A0C91BC942}") = "Bai081", "Mang_mot_chieu_81-120.vcxproj", "{0F137903-0CD9-40C4-B440-35ED89B3E508}"
EndProject
Project("{8BC9CEB8-8B4A-11D0-8D11-00A0C91BC942}") = "Bai_082", "..\Bai_082\Bai_082.vcxproj", "{B1FFE16B-649C-4601-ACFD-225890DBB2E6}"
EndProject
Project("{8BC9CEB8-8B4A-11D0-8D11-00A0C91BC942}") = "Bai_083", "..\Bai_083\Bai_083.vcxproj", "{A0001EE1-2D47-4F11-B8D2-61F282095608}"
EndProject
Project("{8BC9CEB8-8B4A-11D0-8D11-00A0C91BC942}") = "Bai_084", "..\Bai_084\Bai_084.vcxproj", "{43B2E087-1DD4-4F9B-A7EE-5A8B64D6D6FF}"
EndProject
Project("{8BC9CEB8-8B4A-11D0-8D11-00A0C91BC942}") = "Bai085", "..\Bai085\Bai085.vcxproj", "{15F5B4AE-63C0-473F-A21E-FD76E64DF534}"
EndProject
Project("{8BC9CEB8-8B4A-11D0-8D11-00A0C91BC942}") = "Bai086", "..\Bai086\Bai086.vcxproj", "{9669833D-BFEB-4ED5-A35F-7220D996E414}"
EndProject
Project("{8BC9CEB8-8B4A-11D0-8D11-00A0C91BC942}") = "Bai087", "..\Bai087\Bai087.vcxproj", "{71EDD7DF-42AD-4B22-A152-DC788D8F82FC}"
EndProject
Project("{8BC9CEB8-8B4A-11D0-8D11-00A0C91BC942}") = "Bai088", "..\Bai088\Bai088.vcxproj", "{FE457855-FF5F-468E-AB21-2CE8FE164A69}"
EndProject
Project("{8BC9CEB8-8B4A-11D0-8D11-00A0C91BC942}") = "Bai089", "..\Bai089\Bai089.vcxproj", "{19AD1B0F-7719-4824-9657-4C41D9883A43}"
EndProject
Project("{8BC9CEB8-8B4A-11D0-8D11-00A0C91BC942}") = "Bai090", "..\Bai090\Bai090.vcxproj", "{17FB8A08-0A2A-4FB0-B114-BB3EAC5A7235}"
EndProject
Project("{8BC9CEB8-8B4A-11D0-8D11-00A0C91BC942}") = "Bai091", "..\Bai091\Bai091.vcxproj", "{48BA214C-C13B-439B-AA20-6145E600903C}"
EndProject
Project("{8BC9CEB8-8B4A-11D0-8D11-00A0C91BC942}") = "Bai092", "..\Bai092\Bai092.vcxproj", "{8F78EB9D-2965-4CB4-ABC7-3B6C01D032E7}"
EndProject
Project("{8BC9CEB8-8B4A-11D0-8D11-00A0C91BC942}") = "Bai093", "..\Bai093\Bai093.vcxproj", "{BBD20C76-F37B-423F-A8FE-EC879764ECF3}"
EndProject
Project("{8BC9CEB8-8B4A-11D0-8D11-00A0C91BC942}") = "Bai094", "..\Bai094\Bai094.vcxproj", "{E2181B63-D05D-4A59-A8D9-DE4A0C199482}"
EndProject
Project("{8BC9CEB8-8B4A-11D0-8D11-00A0C91BC942}") = "Bai095", "..\Bai095\Bai095.vcxproj", "{0085A71F-143A-4AD2-BD69-28D9CAABA6B6}"
EndProject
Project("{8BC9CEB8-8B4A-11D0-8D11-00A0C91BC942}") = "Bai096", "..\Bai096\Bai096.vcxproj", "{858D1482-064B-4F08-988C-36688D71B4EE}"
EndProject
Project("{8BC9CEB8-8B4A-11D0-8D11-00A0C91BC942}") = "Bai097", "..\Bai097\Bai097.vcxproj", "{68EB6A08-3F95-4C8D-A976-C57254339B17}"
EndProject
Project("{8BC9CEB8-8B4A-11D0-8D11-00A0C91BC942}") = "Bai098", "..\Bai098\Bai098.vcxproj", "{7B789F01-D098-40C2-A4F8-A53C3EB4200B}"
EndProject
Project("{8BC9CEB8-8B4A-11D0-8D11-00A0C91BC942}") = "Bai099", "..\Bai099\Bai099.vcxproj", "{03551E4D-941C-43FE-88BE-D4B275094B09}"
EndProject
Project("{8BC9CEB8-8B4A-11D0-8D11-00A0C91BC942}") = "Bai100", "..\Bai100\Bai100.vcxproj", "{313E1D71-86B5-416D-B50A-B97F897772C1}"
EndProject
Project("{8BC9CEB8-8B4A-11D0-8D11-00A0C91BC942}") = "Bai101", "..\Bai101\Bai101.vcxproj", "{46B36BE4-F6A9-4509-ABDF-56249E0D84E7}"
EndProject
Project("{8BC9CEB8-8B4A-11D0-8D11-00A0C91BC942}") = "Bai102", "..\Bai102\Bai102.vcxproj", "{9081B435-EBF6-4CEA-AB88-7BD508552810}"
EndProject
Project("{8BC9CEB8-8B4A-11D0-8D11-00A0C91BC942}") = "Bai103", "..\Bai103\Bai103.vcxproj", "{42A095E8-0FE8-4D67-BBA6-C580D6549D87}"
EndProject
Project("{8BC9CEB8-8B4A-11D0-8D11-00A0C91BC942}") = "Bai104", "..\Bai104\Bai104.vcxproj", "{99455654-1947-4155-A712-799E713627B5}"
EndProject
Project("{8BC9CEB8-8B4A-11D0-8D11-00A0C91BC942}") = "Bai105", "..\Bai105\Bai105.vcxproj", "{5C118310-427D-465A-849F-9EAEF36F80B6}"
EndProject
Project("{8BC9CEB8-8B4A-11D0-8D11-00A0C91BC942}") = "Bai106", "..\Bai106\Bai106.vcxproj", "{32FF9464-4A8E-47BA-BB74-ED3AEB6FB1E0}"
EndProject
Project("{8BC9CEB8-8B4A-11D0-8D11-00A0C91BC942}") = "Bai107", "..\Bai107\Bai107.vcxproj", "{19068918-CE82-404C-AB07-4A0AD908156C}"
EndProject
Project("{8BC9CEB8-8B4A-11D0-8D11-00A0C91BC942}") = "Bai108", "..\Bai108\Bai108.vcxproj", "{5ECCA9CA-12AA-4EC2-9362-754481345BEE}"
EndProject
Project("{8BC9CEB8-8B4A-11D0-8D11-00A0C91BC942}") = "Bai109", "..\Bai109\Bai109.vcxproj", "{A375DBF4-87D5-476B-B7AE-FB1C8C42A9AD}"
EndProject
Project("{8BC9CEB8-8B4A-11D0-8D11-00A0C91BC942}") = "Bai110", "..\Bai110\Bai110.vcxproj", "{E763D2EB-6E0D-44CF-AC64-DE8F9D9328E3}"
EndProject
Project("{8BC9CEB8-8B4A-11D0-8D11-00A0C91BC942}") = "Bai111", "..\Bai111\Bai111.vcxproj", "{2D700B21-6E71-438D-9437-0F8013CF674C}"
EndProject
Project("{8BC9CEB8-8B4A-11D0-8D11-00A0C91BC942}") = "Bai112", "..\Bai112\Bai112.vcxproj", "{465859B4-9F21-48BE-A769-2D3E23141A64}"
EndProject
Project("{8BC9CEB8-8B4A-11D0-8D11-00A0C91BC942}") = "Bai113", "..\Bai113\Bai113.vcxproj", "{D64454AF-2B6B-4627-89DB-3913C75F6D7A}"
EndProject
Project("{8BC9CEB8-8B4A-11D0-8D11-00A0C91BC942}") = "Bai114", "..\Bai114\Bai114.vcxproj", "{7732A367-C642-4CFE-9426-7CAFC521D973}"
EndProject
Project("{8BC9CEB8-8B4A-11D0-8D11-00A0C91BC942}") = "Bai115", "..\Bai115\Bai115.vcxproj", "{D9F36866-F6EB-434A-8BFC-DB7CAD53656C}"
EndProject
Project("{8BC9CEB8-8B4A-11D0-8D11-00A0C91BC942}") = "Bai116", "..\Bai116\Bai116.vcxproj", "{738C4768-CD47-420A-8457-0A281C5A02F0}"
EndProject
Project("{8BC9CEB8-8B4A-11D0-8D11-00A0C91BC942}") = "Bai117", "..\Bai117\Bai117.vcxproj", "{4B391659-17E4-4141-9A5E-BF50427AAA57}"
EndProject
Project("{8BC9CEB8-8B4A-11D0-8D11-00A0C91BC942}") = "Bai118", "..\Bai118\Bai118.vcxproj", "{4C7F7CBA-B08B-40DF-BA12-8FC7A3F590D1}"
EndProject
Project("{8BC9CEB8-8B4A-11D0-8D11-00A0C91BC942}") = "Bai119", "..\Bai119\Bai119.vcxproj", "{5A4CCF44-89A1-4FE1-8FE0-9A80D29749F4}"
EndProject
Project("{8BC9CEB8-8B4A-11D0-8D11-00A0C91BC942}") = "Bai120", "..\Bai120\Bai120.vcxproj", "{821BBD13-3B70-4BEF-803E-EEB94B4A43A6}"
EndProject
Project("{8BC9CEB8-8B4A-11D0-8D11-00A0C91BC942}") = "Bai082", "..\Bai082\Bai082.vcxproj", "{B83547ED-BF03-43C9-A327-E2E0A9ED65D2}"
EndProject
Project("{8BC9CEB8-8B4A-11D0-8D11-00A0C91BC942}") = "Bai083", "..\Bai083\Bai083.vcxproj", "{84349417-6F4E-47B6-B084-4A7D5F464463}"
EndProject
Project("{8BC9CEB8-8B4A-11D0-8D11-00A0C91BC942}") = "Bai084", "..\Bai084\Bai084.vcxproj", "{B3677C48-5774-40F7-929D-DB672A49FBB3}"
EndProject
Global
	GlobalSection(SolutionConfigurationPlatforms) = preSolution
		Debug|x64 = Debug|x64
		Debug|x86 = Debug|x86
		Release|x64 = Release|x64
		Release|x86 = Release|x86
	EndGlobalSection
	GlobalSection(ProjectConfigurationPlatforms) = postSolution
		{0F137903-0CD9-40C4-B440-35ED89B3E508}.Debug|x64.ActiveCfg = Debug|x64
		{0F137903-0CD9-40C4-B440-35ED89B3E508}.Debug|x64.Build.0 = Debug|x64
		{0F137903-0CD9-40C4-B440-35ED89B3E508}.Debug|x86.ActiveCfg = Debug|Win32
		{0F137903-0CD9-40C4-B440-35ED89B3E508}.Debug|x86.Build.0 = Debug|Win32
		{0F137903-0CD9-40C4-B440-35ED89B3E508}.Release|x64.ActiveCfg = Release|x64
		{0F137903-0CD9-40C4-B440-35ED89B3E508}.Release|x64.Build.0 = Release|x64
		{0F137903-0CD9-40C4-B440-35ED89B3E508}.Release|x86.ActiveCfg = Release|Win32
		{0F137903-0CD9-40C4-B440-35ED89B3E508}.Release|x86.Build.0 = Release|Win32
		{B1FFE16B-649C-4601-ACFD-225890DBB2E6}.Debug|x64.ActiveCfg = Debug|x64
		{B1FFE16B-649C-4601-ACFD-225890DBB2E6}.Debug|x64.Build.0 = Debug|x64
		{B1FFE16B-649C-4601-ACFD-225890DBB2E6}.Debug|x86.ActiveCfg = Debug|Win32
		{B1FFE16B-649C-4601-ACFD-225890DBB2E6}.Debug|x86.Build.0 = Debug|Win32
		{B1FFE16B-649C-4601-ACFD-225890DBB2E6}.Release|x64.ActiveCfg = Release|x64
		{B1FFE16B-649C-4601-ACFD-225890DBB2E6}.Release|x64.Build.0 = Release|x64
		{B1FFE16B-649C-4601-ACFD-225890DBB2E6}.Release|x86.ActiveCfg = Release|Win32
		{B1FFE16B-649C-4601-ACFD-225890DBB2E6}.Release|x86.Build.0 = Release|Win32
		{A0001EE1-2D47-4F11-B8D2-61F282095608}.Debug|x64.ActiveCfg = Debug|x64
		{A0001EE1-2D47-4F11-B8D2-61F282095608}.Debug|x64.Build.0 = Debug|x64
		{A0001EE1-2D47-4F11-B8D2-61F282095608}.Debug|x86.ActiveCfg = Debug|Win32
		{A0001EE1-2D47-4F11-B8D2-61F282095608}.Debug|x86.Build.0 = Debug|Win32
		{A0001EE1-2D47-4F11-B8D2-61F282095608}.Release|x64.ActiveCfg = Release|x64
		{A0001EE1-2D47-4F11-B8D2-61F282095608}.Release|x64.Build.0 = Release|x64
		{A0001EE1-2D47-4F11-B8D2-61F282095608}.Release|x86.ActiveCfg = Release|Win32
		{A0001EE1-2D47-4F11-B8D2-61F282095608}.Release|x86.Build.0 = Release|Win32
		{43B2E087-1DD4-4F9B-A7EE-5A8B64D6D6FF}.Debug|x64.ActiveCfg = Debug|x64
		{43B2E087-1DD4-4F9B-A7EE-5A8B64D6D6FF}.Debug|x64.Build.0 = Debug|x64
		{43B2E087-1DD4-4F9B-A7EE-5A8B64D6D6FF}.Debug|x86.ActiveCfg = Debug|Win32
		{43B2E087-1DD4-4F9B-A7EE-5A8B64D6D6FF}.Debug|x86.Build.0 = Debug|Win32
		{43B2E087-1DD4-4F9B-A7EE-5A8B64D6D6FF}.Release|x64.ActiveCfg = Release|x64
		{43B2E087-1DD4-4F9B-A7EE-5A8B64D6D6FF}.Release|x64.Build.0 = Release|x64
		{43B2E087-1DD4-4F9B-A7EE-5A8B64D6D6FF}.Release|x86.ActiveCfg = Release|Win32
		{43B2E087-1DD4-4F9B-A7EE-5A8B64D6D6FF}.Release|x86.Build.0 = Release|Win32
		{15F5B4AE-63C0-473F-A21E-FD76E64DF534}.Debug|x64.ActiveCfg = Debug|x64
		{15F5B4AE-63C0-473F-A21E-FD76E64DF534}.Debug|x64.Build.0 = Debug|x64
		{15F5B4AE-63C0-473F-A21E-FD76E64DF534}.Debug|x86.ActiveCfg = Debug|Win32
		{15F5B4AE-63C0-473F-A21E-FD76E64DF534}.Debug|x86.Build.0 = Debug|Win32
		{15F5B4AE-63C0-473F-A21E-FD76E64DF534}.Release|x64.ActiveCfg = Release|x64
		{15F5B4AE-63C0-473F-A21E-FD76E64DF534}.Release|x64.Build.0 = Release|x64
		{15F5B4AE-63C0-473F-A21E-FD76E64DF534}.Release|x86.ActiveCfg = Release|Win32
		{15F5B4AE-63C0-473F-A21E-FD76E64DF534}.Release|x86.Build.0 = Release|Win32
		{9669833D-BFEB-4ED5-A35F-7220D996E414}.Debug|x64.ActiveCfg = Debug|x64
		{9669833D-BFEB-4ED5-A35F-7220D996E414}.Debug|x64.Build.0 = Debug|x64
		{9669833D-BFEB-4ED5-A35F-7220D996E414}.Debug|x86.ActiveCfg = Debug|Win32
		{9669833D-BFEB-4ED5-A35F-7220D996E414}.Debug|x86.Build.0 = Debug|Win32
		{9669833D-BFEB-4ED5-A35F-7220D996E414}.Release|x64.ActiveCfg = Release|x64
		{9669833D-BFEB-4ED5-A35F-7220D996E414}.Release|x64.Build.0 = Release|x64
		{9669833D-BFEB-4ED5-A35F-7220D996E414}.Release|x86.ActiveCfg = Release|Win32
		{9669833D-BFEB-4ED5-A35F-7220D996E414}.Release|x86.Build.0 = Release|Win32
		{71EDD7DF-42AD-4B22-A152-DC788D8F82FC}.Debug|x64.ActiveCfg = Debug|x64
		{71EDD7DF-42AD-4B22-A152-DC788D8F82FC}.Debug|x64.Build.0 = Debug|x64
		{71EDD7DF-42AD-4B22-A152-DC788D8F82FC}.Debug|x86.ActiveCfg = Debug|Win32
		{71EDD7DF-42AD-4B22-A152-DC788D8F82FC}.Debug|x86.Build.0 = Debug|Win32
		{71EDD7DF-42AD-4B22-A152-DC788D8F82FC}.Release|x64.ActiveCfg = Release|x64
		{71EDD7DF-42AD-4B22-A152-DC788D8F82FC}.Release|x64.Build.0 = Release|x64
		{71EDD7DF-42AD-4B22-A152-DC788D8F82FC}.Release|x86.ActiveCfg = Release|Win32
		{71EDD7DF-42AD-4B22-A152-DC788D8F82FC}.Release|x86.Build.0 = Release|Win32
		{FE457855-FF5F-468E-AB21-2CE8FE164A69}.Debug|x64.ActiveCfg = Debug|x64
		{FE457855-FF5F-468E-AB21-2CE8FE164A69}.Debug|x64.Build.0 = Debug|x64
		{FE457855-FF5F-468E-AB21-2CE8FE164A69}.Debug|x86.ActiveCfg = Debug|Win32
		{FE457855-FF5F-468E-AB21-2CE8FE164A69}.Debug|x86.Build.0 = Debug|Win32
		{FE457855-FF5F-468E-AB21-2CE8FE164A69}.Release|x64.ActiveCfg = Release|x64
		{FE457855-FF5F-468E-AB21-2CE8FE164A69}.Release|x64.Build.0 = Release|x64
		{FE457855-FF5F-468E-AB21-2CE8FE164A69}.Release|x86.ActiveCfg = Release|Win32
		{FE457855-FF5F-468E-AB21-2CE8FE164A69}.Release|x86.Build.0 = Release|Win32
		{19AD1B0F-7719-4824-9657-4C41D9883A43}.Debug|x64.ActiveCfg = Debug|x64
		{19AD1B0F-7719-4824-9657-4C41D9883A43}.Debug|x64.Build.0 = Debug|x64
		{19AD1B0F-7719-4824-9657-4C41D9883A43}.Debug|x86.ActiveCfg = Debug|Win32
		{19AD1B0F-7719-4824-9657-4C41D9883A43}.Debug|x86.Build.0 = Debug|Win32
		{19AD1B0F-7719-4824-9657-4C41D9883A43}.Release|x64.ActiveCfg = Release|x64
		{19AD1B0F-7719-4824-9657-4C41D9883A43}.Release|x64.Build.0 = Release|x64
		{19AD1B0F-7719-4824-9657-4C41D9883A43}.Release|x86.ActiveCfg = Release|Win32
		{19AD1B0F-7719-4824-9657-4C41D9883A43}.Release|x86.Build.0 = Release|Win32
		{17FB8A08-0A2A-4FB0-B114-BB3EAC5A7235}.Debug|x64.ActiveCfg = Debug|x64
		{17FB8A08-0A2A-4FB0-B114-BB3EAC5A7235}.Debug|x64.Build.0 = Debug|x64
		{17FB8A08-0A2A-4FB0-B114-BB3EAC5A7235}.Debug|x86.ActiveCfg = Debug|Win32
		{17FB8A08-0A2A-4FB0-B114-BB3EAC5A7235}.Debug|x86.Build.0 = Debug|Win32
		{17FB8A08-0A2A-4FB0-B114-BB3EAC5A7235}.Release|x64.ActiveCfg = Release|x64
		{17FB8A08-0A2A-4FB0-B114-BB3EAC5A7235}.Release|x64.Build.0 = Release|x64
		{17FB8A08-0A2A-4FB0-B114-BB3EAC5A7235}.Release|x86.ActiveCfg = Release|Win32
		{17FB8A08-0A2A-4FB0-B114-BB3EAC5A7235}.Release|x86.Build.0 = Release|Win32
		{48BA214C-C13B-439B-AA20-6145E600903C}.Debug|x64.ActiveCfg = Debug|x64
		{48BA214C-C13B-439B-AA20-6145E600903C}.Debug|x64.Build.0 = Debug|x64
		{48BA214C-C13B-439B-AA20-6145E600903C}.Debug|x86.ActiveCfg = Debug|Win32
		{48BA214C-C13B-439B-AA20-6145E600903C}.Debug|x86.Build.0 = Debug|Win32
		{48BA214C-C13B-439B-AA20-6145E600903C}.Release|x64.ActiveCfg = Release|x64
		{48BA214C-C13B-439B-AA20-6145E600903C}.Release|x64.Build.0 = Release|x64
		{48BA214C-C13B-439B-AA20-6145E600903C}.Release|x86.ActiveCfg = Release|Win32
		{48BA214C-C13B-439B-AA20-6145E600903C}.Release|x86.Build.0 = Release|Win32
		{8F78EB9D-2965-4CB4-ABC7-3B6C01D032E7}.Debug|x64.ActiveCfg = Debug|x64
		{8F78EB9D-2965-4CB4-ABC7-3B6C01D032E7}.Debug|x64.Build.0 = Debug|x64
		{8F78EB9D-2965-4CB4-ABC7-3B6C01D032E7}.Debug|x86.ActiveCfg = Debug|Win32
		{8F78EB9D-2965-4CB4-ABC7-3B6C01D032E7}.Debug|x86.Build.0 = Debug|Win32
		{8F78EB9D-2965-4CB4-ABC7-3B6C01D032E7}.Release|x64.ActiveCfg = Release|x64
		{8F78EB9D-2965-4CB4-ABC7-3B6C01D032E7}.Release|x64.Build.0 = Release|x64
		{8F78EB9D-2965-4CB4-ABC7-3B6C01D032E7}.Release|x86.ActiveCfg = Release|Win32
		{8F78EB9D-2965-4CB4-ABC7-3B6C01D032E7}.Release|x86.Build.0 = Release|Win32
		{BBD20C76-F37B-423F-A8FE-EC879764ECF3}.Debug|x64.ActiveCfg = Debug|x64
		{BBD20C76-F37B-423F-A8FE-EC879764ECF3}.Debug|x64.Build.0 = Debug|x64
		{BBD20C76-F37B-423F-A8FE-EC879764ECF3}.Debug|x86.ActiveCfg = Debug|Win32
		{BBD20C76-F37B-423F-A8FE-EC879764ECF3}.Debug|x86.Build.0 = Debug|Win32
		{BBD20C76-F37B-423F-A8FE-EC879764ECF3}.Release|x64.ActiveCfg = Release|x64
		{BBD20C76-F37B-423F-A8FE-EC879764ECF3}.Release|x64.Build.0 = Release|x64
		{BBD20C76-F37B-423F-A8FE-EC879764ECF3}.Release|x86.ActiveCfg = Release|Win32
		{BBD20C76-F37B-423F-A8FE-EC879764ECF3}.Release|x86.Build.0 = Release|Win32
		{E2181B63-D05D-4A59-A8D9-DE4A0C199482}.Debug|x64.ActiveCfg = Debug|x64
		{E2181B63-D05D-4A59-A8D9-DE4A0C199482}.Debug|x64.Build.0 = Debug|x64
		{E2181B63-D05D-4A59-A8D9-DE4A0C199482}.Debug|x86.ActiveCfg = Debug|Win32
		{E2181B63-D05D-4A59-A8D9-DE4A0C199482}.Debug|x86.Build.0 = Debug|Win32
		{E2181B63-D05D-4A59-A8D9-DE4A0C199482}.Release|x64.ActiveCfg = Release|x64
		{E2181B63-D05D-4A59-A8D9-DE4A0C199482}.Release|x64.Build.0 = Release|x64
		{E2181B63-D05D-4A59-A8D9-DE4A0C199482}.Release|x86.ActiveCfg = Release|Win32
		{E2181B63-D05D-4A59-A8D9-DE4A0C199482}.Release|x86.Build.0 = Release|Win32
		{0085A71F-143A-4AD2-BD69-28D9CAABA6B6}.Debug|x64.ActiveCfg = Debug|x64
		{0085A71F-143A-4AD2-BD69-28D9CAABA6B6}.Debug|x64.Build.0 = Debug|x64
		{0085A71F-143A-4AD2-BD69-28D9CAABA6B6}.Debug|x86.ActiveCfg = Debug|Win32
		{0085A71F-143A-4AD2-BD69-28D9CAABA6B6}.Debug|x86.Build.0 = Debug|Win32
		{0085A71F-143A-4AD2-BD69-28D9CAABA6B6}.Release|x64.ActiveCfg = Release|x64
		{0085A71F-143A-4AD2-BD69-28D9CAABA6B6}.Release|x64.Build.0 = Release|x64
		{0085A71F-143A-4AD2-BD69-28D9CAABA6B6}.Release|x86.ActiveCfg = Release|Win32
		{0085A71F-143A-4AD2-BD69-28D9CAABA6B6}.Release|x86.Build.0 = Release|Win32
		{858D1482-064B-4F08-988C-36688D71B4EE}.Debug|x64.ActiveCfg = Debug|x64
		{858D1482-064B-4F08-988C-36688D71B4EE}.Debug|x64.Build.0 = Debug|x64
		{858D1482-064B-4F08-988C-36688D71B4EE}.Debug|x86.ActiveCfg = Debug|Win32
		{858D1482-064B-4F08-988C-36688D71B4EE}.Debug|x86.Build.0 = Debug|Win32
		{858D1482-064B-4F08-988C-36688D71B4EE}.Release|x64.ActiveCfg = Release|x64
		{858D1482-064B-4F08-988C-36688D71B4EE}.Release|x64.Build.0 = Release|x64
		{858D1482-064B-4F08-988C-36688D71B4EE}.Release|x86.ActiveCfg = Release|Win32
		{858D1482-064B-4F08-988C-36688D71B4EE}.Release|x86.Build.0 = Release|Win32
		{68EB6A08-3F95-4C8D-A976-C57254339B17}.Debug|x64.ActiveCfg = Debug|x64
		{68EB6A08-3F95-4C8D-A976-C57254339B17}.Debug|x64.Build.0 = Debug|x64
		{68EB6A08-3F95-4C8D-A976-C57254339B17}.Debug|x86.ActiveCfg = Debug|Win32
		{68EB6A08-3F95-4C8D-A976-C57254339B17}.Debug|x86.Build.0 = Debug|Win32
		{68EB6A08-3F95-4C8D-A976-C57254339B17}.Release|x64.ActiveCfg = Release|x64
		{68EB6A08-3F95-4C8D-A976-C57254339B17}.Release|x64.Build.0 = Release|x64
		{68EB6A08-3F95-4C8D-A976-C57254339B17}.Release|x86.ActiveCfg = Release|Win32
		{68EB6A08-3F95-4C8D-A976-C57254339B17}.Release|x86.Build.0 = Release|Win32
		{7B789F01-D098-40C2-A4F8-A53C3EB4200B}.Debug|x64.ActiveCfg = Debug|x64
		{7B789F01-D098-40C2-A4F8-A53C3EB4200B}.Debug|x64.Build.0 = Debug|x64
		{7B789F01-D098-40C2-A4F8-A53C3EB4200B}.Debug|x86.ActiveCfg = Debug|Win32
		{7B789F01-D098-40C2-A4F8-A53C3EB4200B}.Debug|x86.Build.0 = Debug|Win32
		{7B789F01-D098-40C2-A4F8-A53C3EB4200B}.Release|x64.ActiveCfg = Release|x64
		{7B789F01-D098-40C2-A4F8-A53C3EB4200B}.Release|x64.Build.0 = Release|x64
		{7B789F01-D098-40C2-A4F8-A53C3EB4200B}.Release|x86.ActiveCfg = Release|Win32
		{7B789F01-D098-40C2-A4F8-A53C3EB4200B}.Release|x86.Build.0 = Release|Win32
		{03551E4D-941C-43FE-88BE-D4B275094B09}.Debug|x64.ActiveCfg = Debug|x64
		{03551E4D-941C-43FE-88BE-D4B275094B09}.Debug|x64.Build.0 = Debug|x64
		{03551E4D-941C-43FE-88BE-D4B275094B09}.Debug|x86.ActiveCfg = Debug|Win32
		{03551E4D-941C-43FE-88BE-D4B275094B09}.Debug|x86.Build.0 = Debug|Win32
		{03551E4D-941C-43FE-88BE-D4B275094B09}.Release|x64.ActiveCfg = Release|x64
		{03551E4D-941C-43FE-88BE-D4B275094B09}.Release|x64.Build.0 = Release|x64
		{03551E4D-941C-43FE-88BE-D4B275094B09}.Release|x86.ActiveCfg = Release|Win32
		{03551E4D-941C-43FE-88BE-D4B275094B09}.Release|x86.Build.0 = Release|Win32
		{313E1D71-86B5-416D-B50A-B97F897772C1}.Debug|x64.ActiveCfg = Debug|x64
		{313E1D71-86B5-416D-B50A-B97F897772C1}.Debug|x64.Build.0 = Debug|x64
		{313E1D71-86B5-416D-B50A-B97F897772C1}.Debug|x86.ActiveCfg = Debug|Win32
		{313E1D71-86B5-416D-B50A-B97F897772C1}.Debug|x86.Build.0 = Debug|Win32
		{313E1D71-86B5-416D-B50A-B97F897772C1}.Release|x64.ActiveCfg = Release|x64
		{313E1D71-86B5-416D-B50A-B97F897772C1}.Release|x64.Build.0 = Release|x64
		{313E1D71-86B5-416D-B50A-B97F897772C1}.Release|x86.ActiveCfg = Release|Win32
		{313E1D71-86B5-416D-B50A-B97F897772C1}.Release|x86.Build.0 = Release|Win32
		{46B36BE4-F6A9-4509-ABDF-56249E0D84E7}.Debug|x64.ActiveCfg = Debug|x64
		{46B36BE4-F6A9-4509-ABDF-56249E0D84E7}.Debug|x64.Build.0 = Debug|x64
		{46B36BE4-F6A9-4509-ABDF-56249E0D84E7}.Debug|x86.ActiveCfg = Debug|Win32
		{46B36BE4-F6A9-4509-ABDF-56249E0D84E7}.Debug|x86.Build.0 = Debug|Win32
		{46B36BE4-F6A9-4509-ABDF-56249E0D84E7}.Release|x64.ActiveCfg = Release|x64
		{46B36BE4-F6A9-4509-ABDF-56249E0D84E7}.Release|x64.Build.0 = Release|x64
		{46B36BE4-F6A9-4509-ABDF-56249E0D84E7}.Release|x86.ActiveCfg = Release|Win32
		{46B36BE4-F6A9-4509-ABDF-56249E0D84E7}.Release|x86.Build.0 = Release|Win32
		{9081B435-EBF6-4CEA-AB88-7BD508552810}.Debug|x64.ActiveCfg = Debug|x64
		{9081B435-EBF6-4CEA-AB88-7BD508552810}.Debug|x64.Build.0 = Debug|x64
		{9081B435-EBF6-4CEA-AB88-7BD508552810}.Debug|x86.ActiveCfg = Debug|Win32
		{9081B435-EBF6-4CEA-AB88-7BD508552810}.Debug|x86.Build.0 = Debug|Win32
		{9081B435-EBF6-4CEA-AB88-7BD508552810}.Release|x64.ActiveCfg = Release|x64
		{9081B435-EBF6-4CEA-AB88-7BD508552810}.Release|x64.Build.0 = Release|x64
		{9081B435-EBF6-4CEA-AB88-7BD508552810}.Release|x86.ActiveCfg = Release|Win32
		{9081B435-EBF6-4CEA-AB88-7BD508552810}.Release|x86.Build.0 = Release|Win32
		{42A095E8-0FE8-4D67-BBA6-C580D6549D87}.Debug|x64.ActiveCfg = Debug|x64
		{42A095E8-0FE8-4D67-BBA6-C580D6549D87}.Debug|x64.Build.0 = Debug|x64
		{42A095E8-0FE8-4D67-BBA6-C580D6549D87}.Debug|x86.ActiveCfg = Debug|Win32
		{42A095E8-0FE8-4D67-BBA6-C580D6549D87}.Debug|x86.Build.0 = Debug|Win32
		{42A095E8-0FE8-4D67-BBA6-C580D6549D87}.Release|x64.ActiveCfg = Release|x64
		{42A095E8-0FE8-4D67-BBA6-C580D6549D87}.Release|x64.Build.0 = Release|x64
		{42A095E8-0FE8-4D67-BBA6-C580D6549D87}.Release|x86.ActiveCfg = Release|Win32
		{42A095E8-0FE8-4D67-BBA6-C580D6549D87}.Release|x86.Build.0 = Release|Win32
		{99455654-1947-4155-A712-799E713627B5}.Debug|x64.ActiveCfg = Debug|x64
		{99455654-1947-4155-A712-799E713627B5}.Debug|x64.Build.0 = Debug|x64
		{99455654-1947-4155-A712-799E713627B5}.Debug|x86.ActiveCfg = Debug|Win32
		{99455654-1947-4155-A712-799E713627B5}.Debug|x86.Build.0 = Debug|Win32
		{99455654-1947-4155-A712-799E713627B5}.Release|x64.ActiveCfg = Release|x64
		{99455654-1947-4155-A712-799E713627B5}.Release|x64.Build.0 = Release|x64
		{99455654-1947-4155-A712-799E713627B5}.Release|x86.ActiveCfg = Release|Win32
		{99455654-1947-4155-A712-799E713627B5}.Release|x86.Build.0 = Release|Win32
		{5C118310-427D-465A-849F-9EAEF36F80B6}.Debug|x64.ActiveCfg = Debug|x64
		{5C118310-427D-465A-849F-9EAEF36F80B6}.Debug|x64.Build.0 = Debug|x64
		{5C118310-427D-465A-849F-9EAEF36F80B6}.Debug|x86.ActiveCfg = Debug|Win32
		{5C118310-427D-465A-849F-9EAEF36F80B6}.Debug|x86.Build.0 = Debug|Win32
		{5C118310-427D-465A-849F-9EAEF36F80B6}.Release|x64.ActiveCfg = Release|x64
		{5C118310-427D-465A-849F-9EAEF36F80B6}.Release|x64.Build.0 = Release|x64
		{5C118310-427D-465A-849F-9EAEF36F80B6}.Release|x86.ActiveCfg = Release|Win32
		{5C118310-427D-465A-849F-9EAEF36F80B6}.Release|x86.Build.0 = Release|Win32
		{32FF9464-4A8E-47BA-BB74-ED3AEB6FB1E0}.Debug|x64.ActiveCfg = Debug|x64
		{32FF9464-4A8E-47BA-BB74-ED3AEB6FB1E0}.Debug|x64.Build.0 = Debug|x64
		{32FF9464-4A8E-47BA-BB74-ED3AEB6FB1E0}.Debug|x86.ActiveCfg = Debug|Win32
		{32FF9464-4A8E-47BA-BB74-ED3AEB6FB1E0}.Debug|x86.Build.0 = Debug|Win32
		{32FF9464-4A8E-47BA-BB74-ED3AEB6FB1E0}.Release|x64.ActiveCfg = Release|x64
		{32FF9464-4A8E-47BA-BB74-ED3AEB6FB1E0}.Release|x64.Build.0 = Release|x64
		{32FF9464-4A8E-47BA-BB74-ED3AEB6FB1E0}.Release|x86.ActiveCfg = Release|Win32
		{32FF9464-4A8E-47BA-BB74-ED3AEB6FB1E0}.Release|x86.Build.0 = Release|Win32
		{19068918-CE82-404C-AB07-4A0AD908156C}.Debug|x64.ActiveCfg = Debug|x64
		{19068918-CE82-404C-AB07-4A0AD908156C}.Debug|x64.Build.0 = Debug|x64
		{19068918-CE82-404C-AB07-4A0AD908156C}.Debug|x86.ActiveCfg = Debug|Win32
		{19068918-CE82-404C-AB07-4A0AD908156C}.Debug|x86.Build.0 = Debug|Win32
		{19068918-CE82-404C-AB07-4A0AD908156C}.Release|x64.ActiveCfg = Release|x64
		{19068918-CE82-404C-AB07-4A0AD908156C}.Release|x64.Build.0 = Release|x64
		{19068918-CE82-404C-AB07-4A0AD908156C}.Release|x86.ActiveCfg = Release|Win32
		{19068918-CE82-404C-AB07-4A0AD908156C}.Release|x86.Build.0 = Release|Win32
		{5ECCA9CA-12AA-4EC2-9362-754481345BEE}.Debug|x64.ActiveCfg = Debug|x64
		{5ECCA9CA-12AA-4EC2-9362-754481345BEE}.Debug|x64.Build.0 = Debug|x64
		{5ECCA9CA-12AA-4EC2-9362-754481345BEE}.Debug|x86.ActiveCfg = Debug|Win32
		{5ECCA9CA-12AA-4EC2-9362-754481345BEE}.Debug|x86.Build.0 = Debug|Win32
		{5ECCA9CA-12AA-4EC2-9362-754481345BEE}.Release|x64.ActiveCfg = Release|x64
		{5ECCA9CA-12AA-4EC2-9362-754481345BEE}.Release|x64.Build.0 = Release|x64
		{5ECCA9CA-12AA-4EC2-9362-754481345BEE}.Release|x86.ActiveCfg = Release|Win32
		{5ECCA9CA-12AA-4EC2-9362-754481345BEE}.Release|x86.Build.0 = Release|Win32
		{A375DBF4-87D5-476B-B7AE-FB1C8C42A9AD}.Debug|x64.ActiveCfg = Debug|x64
		{A375DBF4-87D5-476B-B7AE-FB1C8C42A9AD}.Debug|x64.Build.0 = Debug|x64
		{A375DBF4-87D5-476B-B7AE-FB1C8C42A9AD}.Debug|x86.ActiveCfg = Debug|Win32
		{A375DBF4-87D5-476B-B7AE-FB1C8C42A9AD}.Debug|x86.Build.0 = Debug|Win32
		{A375DBF4-87D5-476B-B7AE-FB1C8C42A9AD}.Release|x64.ActiveCfg = Release|x64
		{A375DBF4-87D5-476B-B7AE-FB1C8C42A9AD}.Release|x64.Build.0 = Release|x64
		{A375DBF4-87D5-476B-B7AE-FB1C8C42A9AD}.Release|x86.ActiveCfg = Release|Win32
		{A375DBF4-87D5-476B-B7AE-FB1C8C42A9AD}.Release|x86.Build.0 = Release|Win32
		{E763D2EB-6E0D-44CF-AC64-DE8F9D9328E3}.Debug|x64.ActiveCfg = Debug|x64
		{E763D2EB-6E0D-44CF-AC64-DE8F9D9328E3}.Debug|x64.Build.0 = Debug|x64
		{E763D2EB-6E0D-44CF-AC64-DE8F9D9328E3}.Debug|x86.ActiveCfg = Debug|Win32
		{E763D2EB-6E0D-44CF-AC64-DE8F9D9328E3}.Debug|x86.Build.0 = Debug|Win32
		{E763D2EB-6E0D-44CF-AC64-DE8F9D9328E3}.Release|x64.ActiveCfg = Release|x64
		{E763D2EB-6E0D-44CF-AC64-DE8F9D9328E3}.Release|x64.Build.0 = Release|x64
		{E763D2EB-6E0D-44CF-AC64-DE8F9D9328E3}.Release|x86.ActiveCfg = Release|Win32
		{E763D2EB-6E0D-44CF-AC64-DE8F9D9328E3}.Release|x86.Build.0 = Release|Win32
		{2D700B21-6E71-438D-9437-0F8013CF674C}.Debug|x64.ActiveCfg = Debug|x64
		{2D700B21-6E71-438D-9437-0F8013CF674C}.Debug|x64.Build.0 = Debug|x64
		{2D700B21-6E71-438D-9437-0F8013CF674C}.Debug|x86.ActiveCfg = Debug|Win32
		{2D700B21-6E71-438D-9437-0F8013CF674C}.Debug|x86.Build.0 = Debug|Win32
		{2D700B21-6E71-438D-9437-0F8013CF674C}.Release|x64.ActiveCfg = Release|x64
		{2D700B21-6E71-438D-9437-0F8013CF674C}.Release|x64.Build.0 = Release|x64
		{2D700B21-6E71-438D-9437-0F8013CF674C}.Release|x86.ActiveCfg = Release|Win32
		{2D700B21-6E71-438D-9437-0F8013CF674C}.Release|x86.Build.0 = Release|Win32
		{465859B4-9F21-48BE-A769-2D3E23141A64}.Debug|x64.ActiveCfg = Debug|x64
		{465859B4-9F21-48BE-A769-2D3E23141A64}.Debug|x64.Build.0 = Debug|x64
		{465859B4-9F21-48BE-A769-2D3E23141A64}.Debug|x86.ActiveCfg = Debug|Win32
		{465859B4-9F21-48BE-A769-2D3E23141A64}.Debug|x86.Build.0 = Debug|Win32
		{465859B4-9F21-48BE-A769-2D3E23141A64}.Release|x64.ActiveCfg = Release|x64
		{465859B4-9F21-48BE-A769-2D3E23141A64}.Release|x64.Build.0 = Release|x64
		{465859B4-9F21-48BE-A769-2D3E23141A64}.Release|x86.ActiveCfg = Release|Win32
		{465859B4-9F21-48BE-A769-2D3E23141A64}.Release|x86.Build.0 = Release|Win32
		{D64454AF-2B6B-4627-89DB-3913C75F6D7A}.Debug|x64.ActiveCfg = Debug|x64
		{D64454AF-2B6B-4627-89DB-3913C75F6D7A}.Debug|x64.Build.0 = Debug|x64
		{D64454AF-2B6B-4627-89DB-3913C75F6D7A}.Debug|x86.ActiveCfg = Debug|Win32
		{D64454AF-2B6B-4627-89DB-3913C75F6D7A}.Debug|x86.Build.0 = Debug|Win32
		{D64454AF-2B6B-4627-89DB-3913C75F6D7A}.Release|x64.ActiveCfg = Release|x64
		{D64454AF-2B6B-4627-89DB-3913C75F6D7A}.Release|x64.Build.0 = Release|x64
		{D64454AF-2B6B-4627-89DB-3913C75F6D7A}.Release|x86.ActiveCfg = Release|Win32
		{D64454AF-2B6B-4627-89DB-3913C75F6D7A}.Release|x86.Build.0 = Release|Win32
		{7732A367-C642-4CFE-9426-7CAFC521D973}.Debug|x64.ActiveCfg = Debug|x64
		{7732A367-C642-4CFE-9426-7CAFC521D973}.Debug|x64.Build.0 = Debug|x64
		{7732A367-C642-4CFE-9426-7CAFC521D973}.Debug|x86.ActiveCfg = Debug|Win32
		{7732A367-C642-4CFE-9426-7CAFC521D973}.Debug|x86.Build.0 = Debug|Win32
		{7732A367-C642-4CFE-9426-7CAFC521D973}.Release|x64.ActiveCfg = Release|x64
		{7732A367-C642-4CFE-9426-7CAFC521D973}.Release|x64.Build.0 = Release|x64
		{7732A367-C642-4CFE-9426-7CAFC521D973}.Release|x86.ActiveCfg = Release|Win32
		{7732A367-C642-4CFE-9426-7CAFC521D973}.Release|x86.Build.0 = Release|Win32
		{D9F36866-F6EB-434A-8BFC-DB7CAD53656C}.Debug|x64.ActiveCfg = Debug|x64
		{D9F36866-F6EB-434A-8BFC-DB7CAD53656C}.Debug|x64.Build.0 = Debug|x64
		{D9F36866-F6EB-434A-8BFC-DB7CAD53656C}.Debug|x86.ActiveCfg = Debug|Win32
		{D9F36866-F6EB-434A-8BFC-DB7CAD53656C}.Debug|x86.Build.0 = Debug|Win32
		{D9F36866-F6EB-434A-8BFC-DB7CAD53656C}.Release|x64.ActiveCfg = Release|x64
		{D9F36866-F6EB-434A-8BFC-DB7CAD53656C}.Release|x64.Build.0 = Release|x64
		{D9F36866-F6EB-434A-8BFC-DB7CAD53656C}.Release|x86.ActiveCfg = Release|Win32
		{D9F36866-F6EB-434A-8BFC-DB7CAD53656C}.Release|x86.Build.0 = Release|Win32
		{738C4768-CD47-420A-8457-0A281C5A02F0}.Debug|x64.ActiveCfg = Debug|x64
		{738C4768-CD47-420A-8457-0A281C5A02F0}.Debug|x64.Build.0 = Debug|x64
		{738C4768-CD47-420A-8457-0A281C5A02F0}.Debug|x86.ActiveCfg = Debug|Win32
		{738C4768-CD47-420A-8457-0A281C5A02F0}.Debug|x86.Build.0 = Debug|Win32
		{738C4768-CD47-420A-8457-0A281C5A02F0}.Release|x64.ActiveCfg = Release|x64
		{738C4768-CD47-420A-8457-0A281C5A02F0}.Release|x64.Build.0 = Release|x64
		{738C4768-CD47-420A-8457-0A281C5A02F0}.Release|x86.ActiveCfg = Release|Win32
		{738C4768-CD47-420A-8457-0A281C5A02F0}.Release|x86.Build.0 = Release|Win32
		{4B391659-17E4-4141-9A5E-BF50427AAA57}.Debug|x64.ActiveCfg = Debug|x64
		{4B391659-17E4-4141-9A5E-BF50427AAA57}.Debug|x64.Build.0 = Debug|x64
		{4B391659-17E4-4141-9A5E-BF50427AAA57}.Debug|x86.ActiveCfg = Debug|Win32
		{4B391659-17E4-4141-9A5E-BF50427AAA57}.Debug|x86.Build.0 = Debug|Win32
		{4B391659-17E4-4141-9A5E-BF50427AAA57}.Release|x64.ActiveCfg = Release|x64
		{4B391659-17E4-4141-9A5E-BF50427AAA57}.Release|x64.Build.0 = Release|x64
		{4B391659-17E4-4141-9A5E-BF50427AAA57}.Release|x86.ActiveCfg = Release|Win32
		{4B391659-17E4-4141-9A5E-BF50427AAA57}.Release|x86.Build.0 = Release|Win32
		{4C7F7CBA-B08B-40DF-BA12-8FC7A3F590D1}.Debug|x64.ActiveCfg = Debug|x64
		{4C7F7CBA-B08B-40DF-BA12-8FC7A3F590D1}.Debug|x64.Build.0 = Debug|x64
		{4C7F7CBA-B08B-40DF-BA12-8FC7A3F590D1}.Debug|x86.ActiveCfg = Debug|Win32
		{4C7F7CBA-B08B-40DF-BA12-8FC7A3F590D1}.Debug|x86.Build.0 = Debug|Win32
		{4C7F7CBA-B08B-40DF-BA12-8FC7A3F590D1}.Release|x64.ActiveCfg = Release|x64
		{4C7F7CBA-B08B-40DF-BA12-8FC7A3F590D1}.Release|x64.Build.0 = Release|x64
		{4C7F7CBA-B08B-40DF-BA12-8FC7A3F590D1}.Release|x86.ActiveCfg = Release|Win32
		{4C7F7CBA-B08B-40DF-BA12-8FC7A3F590D1}.Release|x86.Build.0 = Release|Win32
		{5A4CCF44-89A1-4FE1-8FE0-9A80D29749F4}.Debug|x64.ActiveCfg = Debug|x64
		{5A4CCF44-89A1-4FE1-8FE0-9A80D29749F4}.Debug|x64.Build.0 = Debug|x64
		{5A4CCF44-89A1-4FE1-8FE0-9A80D29749F4}.Debug|x86.ActiveCfg = Debug|Win32
		{5A4CCF44-89A1-4FE1-8FE0-9A80D29749F4}.Debug|x86.Build.0 = Debug|Win32
		{5A4CCF44-89A1-4FE1-8FE0-9A80D29749F4}.Release|x64.ActiveCfg = Release|x64
		{5A4CCF44-89A1-4FE1-8FE0-9A80D29749F4}.Release|x64.Build.0 = Release|x64
		{5A4CCF44-89A1-4FE1-8FE0-9A80D29749F4}.Release|x86.ActiveCfg = Release|Win32
		{5A4CCF44-89A1-4FE1-8FE0-9A80D29749F4}.Release|x86.Build.0 = Release|Win32
		{821BBD13-3B70-4BEF-803E-EEB94B4A43A6}.Debug|x64.ActiveCfg = Debug|x64
		{821BBD13-3B70-4BEF-803E-EEB94B4A43A6}.Debug|x64.Build.0 = Debug|x64
		{821BBD13-3B70-4BEF-803E-EEB94B4A43A6}.Debug|x86.ActiveCfg = Debug|Win32
		{821BBD13-3B70-4BEF-803E-EEB94B4A43A6}.Debug|x86.Build.0 = Debug|Win32
		{821BBD13-3B70-4BEF-803E-EEB94B4A43A6}.Release|x64.ActiveCfg = Release|x64
		{821BBD13-3B70-4BEF-803E-EEB94B4A43A6}.Release|x64.Build.0 = Release|x64
		{821BBD13-3B70-4BEF-803E-EEB94B4A43A6}.Release|x86.ActiveCfg = Release|Win32
		{821BBD13-3B70-4BEF-803E-EEB94B4A43A6}.Release|x86.Build.0 = Release|Win32
		{B83547ED-BF03-43C9-A327-E2E0A9ED65D2}.Debug|x64.ActiveCfg = Debug|x64
		{B83547ED-BF03-43C9-A327-E2E0A9ED65D2}.Debug|x64.Build.0 = Debug|x64
		{B83547ED-BF03-43C9-A327-E2E0A9ED65D2}.Debug|x86.ActiveCfg = Debug|Win32
		{B83547ED-BF03-43C9-A327-E2E0A9ED65D2}.Debug|x86.Build.0 = Debug|Win32
		{B83547ED-BF03-43C9-A327-E2E0A9ED65D2}.Release|x64.ActiveCfg = Release|x64
		{B83547ED-BF03-43C9-A327-E2E0A9ED65D2}.Release|x64.Build.0 = Release|x64
		{B83547ED-BF03-43C9-A327-E2E0A9ED65D2}.Release|x86.ActiveCfg = Release|Win32
		{B83547ED-BF03-43C9-A327-E2E0A9ED65D2}.Release|x86.Build.0 = Release|Win32
		{84349417-6F4E-47B6-B084-4A7D5F464463}.Debug|x64.ActiveCfg = Debug|x64
		{84349417-6F4E-47B6-B084-4A7D5F464463}.Debug|x64.Build.0 = Debug|x64
		{84349417-6F4E-47B6-B084-4A7D5F464463}.Debug|x86.ActiveCfg = Debug|Win32
		{84349417-6F4E-47B6-B084-4A7D5F464463}.Debug|x86.Build.0 = Debug|Win32
		{84349417-6F4E-47B6-B084-4A7D5F464463}.Release|x64.ActiveCfg = Release|x64
		{84349417-6F4E-47B6-B084-4A7D5F464463}.Release|x64.Build.0 = Release|x64
		{84349417-6F4E-47B6-B084-4A7D5F464463}.Release|x86.ActiveCfg = Release|Win32
		{84349417-6F4E-47B6-B084-4A7D5F464463}.Release|x86.Build.0 = Release|Win32
		{B3677C48-5774-40F7-929D-DB672A49FBB3}.Debug|x64.ActiveCfg = Debug|x64
		{B3677C48-5774-40F7-929D-DB672A49FBB3}.Debug|x64.Build.0 = Debug|x64
		{B3677C48-5774-40F7-929D-DB672A49FBB3}.Debug|x86.ActiveCfg = Debug|Win32
		{B3677C48-5774-40F7-929D-DB672A49FBB3}.Debug|x86.Build.0 = Debug|Win32
		{B3677C48-5774-40F7-929D-DB672A49FBB3}.Release|x64.ActiveCfg = Release|x64
		{B3677C48-5774-40F7-929D-DB672A49FBB3}.Release|x64.Build.0 = Release|x64
		{B3677C48-5774-40F7-929D-DB672A49FBB3}.Release|x86.ActiveCfg = Release|Win32
		{B3677C48-5774-40F7-929D-DB672A49FBB3}.Release|x86.Build.0 = Release|Win32
	EndGlobalSection
	GlobalSection(SolutionProperties) = preSolution
		HideSolutionNode = FALSE
	EndGlobalSection
	GlobalSection(ExtensibilityGlobals) = postSolution
		SolutionGuid = {FBBA4596-ED72-4DAD-8357-E68EE17242FD}
	EndGlobalSection
EndGlobal
