
Microsoft Visual Studio Solution File, Format Version 12.00
# Visual Studio Version 17
VisualStudioVersion = 17.7.34031.279
MinimumVisualStudioVersion = 10.0.40219.1
Project("{8BC9CEB8-8B4A-11D0-8D11-00A0C91BC942}") = "Bai001", "Bai001\Bai001.vcxproj", "{047AC293-CCE0-42CD-ACBB-B552024C12FE}"
EndProject
Project("{8BC9CEB8-8B4A-11D0-8D11-00A0C91BC942}") = "Bai002", "Bai002\Bai002.vcxproj", "{05C5C13D-02AD-4DC6-A794-16AB0BD7EDE2}"
EndProject
Project("{8BC9CEB8-8B4A-11D0-8D11-00A0C91BC942}") = "Bai003", "Bai003\Bai003.vcxproj", "{04BC5378-907E-4BC1-9433-64E5D6B62D09}"
EndProject
Project("{8BC9CEB8-8B4A-11D0-8D11-00A0C91BC942}") = "Bai004", "Bai004\Bai004.vcxproj", "{5578689F-40BB-44A9-8BC8-A5B24C39BAB5}"
EndProject
Project("{8BC9CEB8-8B4A-11D0-8D11-00A0C91BC942}") = "Bai005", "Bai005\Bai005.vcxproj", "{B59A08ED-E749-42A6-89C7-452A08E95A1E}"
EndProject
Project("{8BC9CEB8-8B4A-11D0-8D11-00A0C91BC942}") = "Bai006", "Bai006\Bai006.vcxproj", "{2C2CD1E7-6287-4C7F-AB60-6BD9F50FD9EB}"
EndProject
Project("{8BC9CEB8-8B4A-11D0-8D11-00A0C91BC942}") = "Bai007", "Bai007\Bai007.vcxproj", "{9F785017-005E-4CA4-950C-7613A88AE561}"
EndProject
Project("{8BC9CEB8-8B4A-11D0-8D11-00A0C91BC942}") = "Bai008", "Bai008\Bai008.vcxproj", "{D1952058-6717-4684-97D2-C47BC0A752F1}"
EndProject
Project("{8BC9CEB8-8B4A-11D0-8D11-00A0C91BC942}") = "Bai009", "Bai009\Bai009.vcxproj", "{4F3CE77F-BA5B-4534-85FA-C449ED495F35}"
EndProject
Project("{8BC9CEB8-8B4A-11D0-8D11-00A0C91BC942}") = "Bai010", "Bai010\Bai010.vcxproj", "{2D6B06E1-46BC-41C8-8A6D-624CE2BE3393}"
EndProject
Project("{8BC9CEB8-8B4A-11D0-8D11-00A0C91BC942}") = "Bai011", "Bai011\Bai011.vcxproj", "{6AEAF057-8636-496D-93A5-9DD0C26AF792}"
EndProject
Project("{8BC9CEB8-8B4A-11D0-8D11-00A0C91BC942}") = "Bai012", "Bai012\Bai012.vcxproj", "{2AE2B454-F69E-48B8-809C-154771D11743}"
EndProject
Project("{8BC9CEB8-8B4A-11D0-8D11-00A0C91BC942}") = "Bai013", "Bai013\Bai013.vcxproj", "{617FE759-0D82-43D5-8635-7AF60B8C9E64}"
EndProject
Project("{8BC9CEB8-8B4A-11D0-8D11-00A0C91BC942}") = "Bai014", "Bai014\Bai014.vcxproj", "{022A0A33-4822-42F0-AE85-63177E6195C9}"
EndProject
Project("{8BC9CEB8-8B4A-11D0-8D11-00A0C91BC942}") = "Bai015", "Bai015\Bai015.vcxproj", "{0E7D0878-7293-4E8A-A714-16E47541036E}"
EndProject
Project("{8BC9CEB8-8B4A-11D0-8D11-00A0C91BC942}") = "Bai016", "Bai016\Bai016.vcxproj", "{C1DF970C-5D74-48FC-98C7-7F69334783CC}"
EndProject
Project("{8BC9CEB8-8B4A-11D0-8D11-00A0C91BC942}") = "Bai017", "Bai017\Bai017.vcxproj", "{84025535-2F65-4981-AB20-AC6703F36F44}"
EndProject
Project("{8BC9CEB8-8B4A-11D0-8D11-00A0C91BC942}") = "Bai018", "Bai018\Bai018.vcxproj", "{FE72A77C-6141-47E4-9A38-0506EB5FEF5B}"
EndProject
Project("{8BC9CEB8-8B4A-11D0-8D11-00A0C91BC942}") = "Bai019", "Bai019\Bai019.vcxproj", "{90508147-CC86-40C9-9B24-F54AB2E758EE}"
EndProject
Project("{8BC9CEB8-8B4A-11D0-8D11-00A0C91BC942}") = "Bai020", "Bai020\Bai020.vcxproj", "{C7456DE3-54C9-4699-8F82-9AB90F24290F}"
EndProject
Project("{8BC9CEB8-8B4A-11D0-8D11-00A0C91BC942}") = "Bai021", "Bai021\Bai021.vcxproj", "{AABAFC32-4099-4550-9AF4-8733DF21368A}"
EndProject
Project("{8BC9CEB8-8B4A-11D0-8D11-00A0C91BC942}") = "Bai022", "Bai022\Bai022.vcxproj", "{351FDBE9-07FE-4A93-BE10-AE674746C7B9}"
EndProject
Project("{8BC9CEB8-8B4A-11D0-8D11-00A0C91BC942}") = "Bai023", "Bai023\Bai023.vcxproj", "{5F73B384-F6CB-4DA1-8A5F-CB4DDE4A02F7}"
EndProject
Project("{8BC9CEB8-8B4A-11D0-8D11-00A0C91BC942}") = "Bai024", "Bai024\Bai024.vcxproj", "{EB936C51-6808-4FCE-A4E8-C125726D3F88}"
EndProject
Project("{8BC9CEB8-8B4A-11D0-8D11-00A0C91BC942}") = "Bai025", "Bai025\Bai025.vcxproj", "{917D97F7-58D2-4C87-BE18-8E3C3B89564E}"
EndProject
Project("{8BC9CEB8-8B4A-11D0-8D11-00A0C91BC942}") = "Bai026", "Bai026\Bai026.vcxproj", "{A118F40C-2859-4A43-B3FB-DE2951BE07B6}"
EndProject
Project("{8BC9CEB8-8B4A-11D0-8D11-00A0C91BC942}") = "Bai027", "Bai027\Bai027.vcxproj", "{64264699-9871-4E9D-8603-EEF09BED413B}"
EndProject
Project("{8BC9CEB8-8B4A-11D0-8D11-00A0C91BC942}") = "Bai028", "Bai028\Bai028.vcxproj", "{4E123690-AD0F-4047-B19D-EEDDA7CF8A7E}"
EndProject
Project("{8BC9CEB8-8B4A-11D0-8D11-00A0C91BC942}") = "Bai029", "Bai029\Bai029.vcxproj", "{183B608E-ED69-4FA9-BC3C-5F23B95742BA}"
EndProject
Project("{8BC9CEB8-8B4A-11D0-8D11-00A0C91BC942}") = "Bai030", "Bai030\Bai030.vcxproj", "{7B0AF5BB-C71B-4526-8755-9F7BFF5B6AA5}"
EndProject
Project("{8BC9CEB8-8B4A-11D0-8D11-00A0C91BC942}") = "Bai033", "Bai033\Bai033.vcxproj", "{3B3C0A1B-AAE5-49DB-B961-5A0DD5FF9B1B}"
EndProject
Project("{8BC9CEB8-8B4A-11D0-8D11-00A0C91BC942}") = "Bai034", "Bai034\Bai034.vcxproj", "{B98DBBD3-BAD4-44CF-B1FA-3520AA6B1577}"
EndProject
Project("{8BC9CEB8-8B4A-11D0-8D11-00A0C91BC942}") = "Bai035", "Bai035\Bai035.vcxproj", "{45D1CA9A-8359-4F2A-B50E-A7AD09987645}"
EndProject
Project("{8BC9CEB8-8B4A-11D0-8D11-00A0C91BC942}") = "Bai036", "Bai036\Bai036.vcxproj", "{F7C16DE5-0F5A-42EC-8A1A-3F137F6C7791}"
EndProject
Project("{8BC9CEB8-8B4A-11D0-8D11-00A0C91BC942}") = "Bai037", "Bai037\Bai037.vcxproj", "{1DE77FD3-134C-4122-970B-7BBE58CCF2C0}"
EndProject
Project("{8BC9CEB8-8B4A-11D0-8D11-00A0C91BC942}") = "Bai038", "Bai038\Bai038.vcxproj", "{DE03C6B7-E1C3-4370-991F-0B95599EC4D1}"
EndProject
Project("{8BC9CEB8-8B4A-11D0-8D11-00A0C91BC942}") = "Bai039", "Bai039\Bai039.vcxproj", "{A1E7DA9C-78EE-4026-A86F-EFB0C61DB2DA}"
EndProject
Project("{8BC9CEB8-8B4A-11D0-8D11-00A0C91BC942}") = "Bai040", "Bai040\Bai040.vcxproj", "{146B8D39-E661-4723-B512-43EB1ED4B912}"
EndProject
Project("{8BC9CEB8-8B4A-11D0-8D11-00A0C91BC942}") = "Bai031", "Bai031\Bai031.vcxproj", "{7B6681E1-90C8-4A5D-B550-5087130C70A4}"
EndProject
Project("{8BC9CEB8-8B4A-11D0-8D11-00A0C91BC942}") = "Bai032", "Bai032\Bai032.vcxproj", "{1D5D8E95-4575-4392-B166-CB8475E76690}"
EndProject
Global
	GlobalSection(SolutionConfigurationPlatforms) = preSolution
		Debug|x64 = Debug|x64
		Debug|x86 = Debug|x86
		Release|x64 = Release|x64
		Release|x86 = Release|x86
	EndGlobalSection
	GlobalSection(ProjectConfigurationPlatforms) = postSolution
		{047AC293-CCE0-42CD-ACBB-B552024C12FE}.Debug|x64.ActiveCfg = Debug|x64
		{047AC293-CCE0-42CD-ACBB-B552024C12FE}.Debug|x64.Build.0 = Debug|x64
		{047AC293-CCE0-42CD-ACBB-B552024C12FE}.Debug|x86.ActiveCfg = Debug|Win32
		{047AC293-CCE0-42CD-ACBB-B552024C12FE}.Debug|x86.Build.0 = Debug|Win32
		{047AC293-CCE0-42CD-ACBB-B552024C12FE}.Release|x64.ActiveCfg = Release|x64
		{047AC293-CCE0-42CD-ACBB-B552024C12FE}.Release|x64.Build.0 = Release|x64
		{047AC293-CCE0-42CD-ACBB-B552024C12FE}.Release|x86.ActiveCfg = Release|Win32
		{047AC293-CCE0-42CD-ACBB-B552024C12FE}.Release|x86.Build.0 = Release|Win32
		{05C5C13D-02AD-4DC6-A794-16AB0BD7EDE2}.Debug|x64.ActiveCfg = Debug|x64
		{05C5C13D-02AD-4DC6-A794-16AB0BD7EDE2}.Debug|x64.Build.0 = Debug|x64
		{05C5C13D-02AD-4DC6-A794-16AB0BD7EDE2}.Debug|x86.ActiveCfg = Debug|Win32
		{05C5C13D-02AD-4DC6-A794-16AB0BD7EDE2}.Debug|x86.Build.0 = Debug|Win32
		{05C5C13D-02AD-4DC6-A794-16AB0BD7EDE2}.Release|x64.ActiveCfg = Release|x64
		{05C5C13D-02AD-4DC6-A794-16AB0BD7EDE2}.Release|x64.Build.0 = Release|x64
		{05C5C13D-02AD-4DC6-A794-16AB0BD7EDE2}.Release|x86.ActiveCfg = Release|Win32
		{05C5C13D-02AD-4DC6-A794-16AB0BD7EDE2}.Release|x86.Build.0 = Release|Win32
		{04BC5378-907E-4BC1-9433-64E5D6B62D09}.Debug|x64.ActiveCfg = Debug|x64
		{04BC5378-907E-4BC1-9433-64E5D6B62D09}.Debug|x64.Build.0 = Debug|x64
		{04BC5378-907E-4BC1-9433-64E5D6B62D09}.Debug|x86.ActiveCfg = Debug|Win32
		{04BC5378-907E-4BC1-9433-64E5D6B62D09}.Debug|x86.Build.0 = Debug|Win32
		{04BC5378-907E-4BC1-9433-64E5D6B62D09}.Release|x64.ActiveCfg = Release|x64
		{04BC5378-907E-4BC1-9433-64E5D6B62D09}.Release|x64.Build.0 = Release|x64
		{04BC5378-907E-4BC1-9433-64E5D6B62D09}.Release|x86.ActiveCfg = Release|Win32
		{04BC5378-907E-4BC1-9433-64E5D6B62D09}.Release|x86.Build.0 = Release|Win32
		{5578689F-40BB-44A9-8BC8-A5B24C39BAB5}.Debug|x64.ActiveCfg = Debug|x64
		{5578689F-40BB-44A9-8BC8-A5B24C39BAB5}.Debug|x64.Build.0 = Debug|x64
		{5578689F-40BB-44A9-8BC8-A5B24C39BAB5}.Debug|x86.ActiveCfg = Debug|Win32
		{5578689F-40BB-44A9-8BC8-A5B24C39BAB5}.Debug|x86.Build.0 = Debug|Win32
		{5578689F-40BB-44A9-8BC8-A5B24C39BAB5}.Release|x64.ActiveCfg = Release|x64
		{5578689F-40BB-44A9-8BC8-A5B24C39BAB5}.Release|x64.Build.0 = Release|x64
		{5578689F-40BB-44A9-8BC8-A5B24C39BAB5}.Release|x86.ActiveCfg = Release|Win32
		{5578689F-40BB-44A9-8BC8-A5B24C39BAB5}.Release|x86.Build.0 = Release|Win32
		{B59A08ED-E749-42A6-89C7-452A08E95A1E}.Debug|x64.ActiveCfg = Debug|x64
		{B59A08ED-E749-42A6-89C7-452A08E95A1E}.Debug|x64.Build.0 = Debug|x64
		{B59A08ED-E749-42A6-89C7-452A08E95A1E}.Debug|x86.ActiveCfg = Debug|Win32
		{B59A08ED-E749-42A6-89C7-452A08E95A1E}.Debug|x86.Build.0 = Debug|Win32
		{B59A08ED-E749-42A6-89C7-452A08E95A1E}.Release|x64.ActiveCfg = Release|x64
		{B59A08ED-E749-42A6-89C7-452A08E95A1E}.Release|x64.Build.0 = Release|x64
		{B59A08ED-E749-42A6-89C7-452A08E95A1E}.Release|x86.ActiveCfg = Release|Win32
		{B59A08ED-E749-42A6-89C7-452A08E95A1E}.Release|x86.Build.0 = Release|Win32
		{2C2CD1E7-6287-4C7F-AB60-6BD9F50FD9EB}.Debug|x64.ActiveCfg = Debug|x64
		{2C2CD1E7-6287-4C7F-AB60-6BD9F50FD9EB}.Debug|x64.Build.0 = Debug|x64
		{2C2CD1E7-6287-4C7F-AB60-6BD9F50FD9EB}.Debug|x86.ActiveCfg = Debug|Win32
		{2C2CD1E7-6287-4C7F-AB60-6BD9F50FD9EB}.Debug|x86.Build.0 = Debug|Win32
		{2C2CD1E7-6287-4C7F-AB60-6BD9F50FD9EB}.Release|x64.ActiveCfg = Release|x64
		{2C2CD1E7-6287-4C7F-AB60-6BD9F50FD9EB}.Release|x64.Build.0 = Release|x64
		{2C2CD1E7-6287-4C7F-AB60-6BD9F50FD9EB}.Release|x86.ActiveCfg = Release|Win32
		{2C2CD1E7-6287-4C7F-AB60-6BD9F50FD9EB}.Release|x86.Build.0 = Release|Win32
		{9F785017-005E-4CA4-950C-7613A88AE561}.Debug|x64.ActiveCfg = Debug|x64
		{9F785017-005E-4CA4-950C-7613A88AE561}.Debug|x64.Build.0 = Debug|x64
		{9F785017-005E-4CA4-950C-7613A88AE561}.Debug|x86.ActiveCfg = Debug|Win32
		{9F785017-005E-4CA4-950C-7613A88AE561}.Debug|x86.Build.0 = Debug|Win32
		{9F785017-005E-4CA4-950C-7613A88AE561}.Release|x64.ActiveCfg = Release|x64
		{9F785017-005E-4CA4-950C-7613A88AE561}.Release|x64.Build.0 = Release|x64
		{9F785017-005E-4CA4-950C-7613A88AE561}.Release|x86.ActiveCfg = Release|Win32
		{9F785017-005E-4CA4-950C-7613A88AE561}.Release|x86.Build.0 = Release|Win32
		{D1952058-6717-4684-97D2-C47BC0A752F1}.Debug|x64.ActiveCfg = Debug|x64
		{D1952058-6717-4684-97D2-C47BC0A752F1}.Debug|x64.Build.0 = Debug|x64
		{D1952058-6717-4684-97D2-C47BC0A752F1}.Debug|x86.ActiveCfg = Debug|Win32
		{D1952058-6717-4684-97D2-C47BC0A752F1}.Debug|x86.Build.0 = Debug|Win32
		{D1952058-6717-4684-97D2-C47BC0A752F1}.Release|x64.ActiveCfg = Release|x64
		{D1952058-6717-4684-97D2-C47BC0A752F1}.Release|x64.Build.0 = Release|x64
		{D1952058-6717-4684-97D2-C47BC0A752F1}.Release|x86.ActiveCfg = Release|Win32
		{D1952058-6717-4684-97D2-C47BC0A752F1}.Release|x86.Build.0 = Release|Win32
		{4F3CE77F-BA5B-4534-85FA-C449ED495F35}.Debug|x64.ActiveCfg = Debug|x64
		{4F3CE77F-BA5B-4534-85FA-C449ED495F35}.Debug|x64.Build.0 = Debug|x64
		{4F3CE77F-BA5B-4534-85FA-C449ED495F35}.Debug|x86.ActiveCfg = Debug|Win32
		{4F3CE77F-BA5B-4534-85FA-C449ED495F35}.Debug|x86.Build.0 = Debug|Win32
		{4F3CE77F-BA5B-4534-85FA-C449ED495F35}.Release|x64.ActiveCfg = Release|x64
		{4F3CE77F-BA5B-4534-85FA-C449ED495F35}.Release|x64.Build.0 = Release|x64
		{4F3CE77F-BA5B-4534-85FA-C449ED495F35}.Release|x86.ActiveCfg = Release|Win32
		{4F3CE77F-BA5B-4534-85FA-C449ED495F35}.Release|x86.Build.0 = Release|Win32
		{2D6B06E1-46BC-41C8-8A6D-624CE2BE3393}.Debug|x64.ActiveCfg = Debug|x64
		{2D6B06E1-46BC-41C8-8A6D-624CE2BE3393}.Debug|x64.Build.0 = Debug|x64
		{2D6B06E1-46BC-41C8-8A6D-624CE2BE3393}.Debug|x86.ActiveCfg = Debug|Win32
		{2D6B06E1-46BC-41C8-8A6D-624CE2BE3393}.Debug|x86.Build.0 = Debug|Win32
		{2D6B06E1-46BC-41C8-8A6D-624CE2BE3393}.Release|x64.ActiveCfg = Release|x64
		{2D6B06E1-46BC-41C8-8A6D-624CE2BE3393}.Release|x64.Build.0 = Release|x64
		{2D6B06E1-46BC-41C8-8A6D-624CE2BE3393}.Release|x86.ActiveCfg = Release|Win32
		{2D6B06E1-46BC-41C8-8A6D-624CE2BE3393}.Release|x86.Build.0 = Release|Win32
		{6AEAF057-8636-496D-93A5-9DD0C26AF792}.Debug|x64.ActiveCfg = Debug|x64
		{6AEAF057-8636-496D-93A5-9DD0C26AF792}.Debug|x64.Build.0 = Debug|x64
		{6AEAF057-8636-496D-93A5-9DD0C26AF792}.Debug|x86.ActiveCfg = Debug|Win32
		{6AEAF057-8636-496D-93A5-9DD0C26AF792}.Debug|x86.Build.0 = Debug|Win32
		{6AEAF057-8636-496D-93A5-9DD0C26AF792}.Release|x64.ActiveCfg = Release|x64
		{6AEAF057-8636-496D-93A5-9DD0C26AF792}.Release|x64.Build.0 = Release|x64
		{6AEAF057-8636-496D-93A5-9DD0C26AF792}.Release|x86.ActiveCfg = Release|Win32
		{6AEAF057-8636-496D-93A5-9DD0C26AF792}.Release|x86.Build.0 = Release|Win32
		{2AE2B454-F69E-48B8-809C-154771D11743}.Debug|x64.ActiveCfg = Debug|x64
		{2AE2B454-F69E-48B8-809C-154771D11743}.Debug|x64.Build.0 = Debug|x64
		{2AE2B454-F69E-48B8-809C-154771D11743}.Debug|x86.ActiveCfg = Debug|Win32
		{2AE2B454-F69E-48B8-809C-154771D11743}.Debug|x86.Build.0 = Debug|Win32
		{2AE2B454-F69E-48B8-809C-154771D11743}.Release|x64.ActiveCfg = Release|x64
		{2AE2B454-F69E-48B8-809C-154771D11743}.Release|x64.Build.0 = Release|x64
		{2AE2B454-F69E-48B8-809C-154771D11743}.Release|x86.ActiveCfg = Release|Win32
		{2AE2B454-F69E-48B8-809C-154771D11743}.Release|x86.Build.0 = Release|Win32
		{617FE759-0D82-43D5-8635-7AF60B8C9E64}.Debug|x64.ActiveCfg = Debug|x64
		{617FE759-0D82-43D5-8635-7AF60B8C9E64}.Debug|x64.Build.0 = Debug|x64
		{617FE759-0D82-43D5-8635-7AF60B8C9E64}.Debug|x86.ActiveCfg = Debug|Win32
		{617FE759-0D82-43D5-8635-7AF60B8C9E64}.Debug|x86.Build.0 = Debug|Win32
		{617FE759-0D82-43D5-8635-7AF60B8C9E64}.Release|x64.ActiveCfg = Release|x64
		{617FE759-0D82-43D5-8635-7AF60B8C9E64}.Release|x64.Build.0 = Release|x64
		{617FE759-0D82-43D5-8635-7AF60B8C9E64}.Release|x86.ActiveCfg = Release|Win32
		{617FE759-0D82-43D5-8635-7AF60B8C9E64}.Release|x86.Build.0 = Release|Win32
		{022A0A33-4822-42F0-AE85-63177E6195C9}.Debug|x64.ActiveCfg = Debug|x64
		{022A0A33-4822-42F0-AE85-63177E6195C9}.Debug|x64.Build.0 = Debug|x64
		{022A0A33-4822-42F0-AE85-63177E6195C9}.Debug|x86.ActiveCfg = Debug|Win32
		{022A0A33-4822-42F0-AE85-63177E6195C9}.Debug|x86.Build.0 = Debug|Win32
		{022A0A33-4822-42F0-AE85-63177E6195C9}.Release|x64.ActiveCfg = Release|x64
		{022A0A33-4822-42F0-AE85-63177E6195C9}.Release|x64.Build.0 = Release|x64
		{022A0A33-4822-42F0-AE85-63177E6195C9}.Release|x86.ActiveCfg = Release|Win32
		{022A0A33-4822-42F0-AE85-63177E6195C9}.Release|x86.Build.0 = Release|Win32
		{0E7D0878-7293-4E8A-A714-16E47541036E}.Debug|x64.ActiveCfg = Debug|x64
		{0E7D0878-7293-4E8A-A714-16E47541036E}.Debug|x64.Build.0 = Debug|x64
		{0E7D0878-7293-4E8A-A714-16E47541036E}.Debug|x86.ActiveCfg = Debug|Win32
		{0E7D0878-7293-4E8A-A714-16E47541036E}.Debug|x86.Build.0 = Debug|Win32
		{0E7D0878-7293-4E8A-A714-16E47541036E}.Release|x64.ActiveCfg = Release|x64
		{0E7D0878-7293-4E8A-A714-16E47541036E}.Release|x64.Build.0 = Release|x64
		{0E7D0878-7293-4E8A-A714-16E47541036E}.Release|x86.ActiveCfg = Release|Win32
		{0E7D0878-7293-4E8A-A714-16E47541036E}.Release|x86.Build.0 = Release|Win32
		{C1DF970C-5D74-48FC-98C7-7F69334783CC}.Debug|x64.ActiveCfg = Debug|x64
		{C1DF970C-5D74-48FC-98C7-7F69334783CC}.Debug|x64.Build.0 = Debug|x64
		{C1DF970C-5D74-48FC-98C7-7F69334783CC}.Debug|x86.ActiveCfg = Debug|Win32
		{C1DF970C-5D74-48FC-98C7-7F69334783CC}.Debug|x86.Build.0 = Debug|Win32
		{C1DF970C-5D74-48FC-98C7-7F69334783CC}.Release|x64.ActiveCfg = Release|x64
		{C1DF970C-5D74-48FC-98C7-7F69334783CC}.Release|x64.Build.0 = Release|x64
		{C1DF970C-5D74-48FC-98C7-7F69334783CC}.Release|x86.ActiveCfg = Release|Win32
		{C1DF970C-5D74-48FC-98C7-7F69334783CC}.Release|x86.Build.0 = Release|Win32
		{84025535-2F65-4981-AB20-AC6703F36F44}.Debug|x64.ActiveCfg = Debug|x64
		{84025535-2F65-4981-AB20-AC6703F36F44}.Debug|x64.Build.0 = Debug|x64
		{84025535-2F65-4981-AB20-AC6703F36F44}.Debug|x86.ActiveCfg = Debug|Win32
		{84025535-2F65-4981-AB20-AC6703F36F44}.Debug|x86.Build.0 = Debug|Win32
		{84025535-2F65-4981-AB20-AC6703F36F44}.Release|x64.ActiveCfg = Release|x64
		{84025535-2F65-4981-AB20-AC6703F36F44}.Release|x64.Build.0 = Release|x64
		{84025535-2F65-4981-AB20-AC6703F36F44}.Release|x86.ActiveCfg = Release|Win32
		{84025535-2F65-4981-AB20-AC6703F36F44}.Release|x86.Build.0 = Release|Win32
		{FE72A77C-6141-47E4-9A38-0506EB5FEF5B}.Debug|x64.ActiveCfg = Debug|x64
		{FE72A77C-6141-47E4-9A38-0506EB5FEF5B}.Debug|x64.Build.0 = Debug|x64
		{FE72A77C-6141-47E4-9A38-0506EB5FEF5B}.Debug|x86.ActiveCfg = Debug|Win32
		{FE72A77C-6141-47E4-9A38-0506EB5FEF5B}.Debug|x86.Build.0 = Debug|Win32
		{FE72A77C-6141-47E4-9A38-0506EB5FEF5B}.Release|x64.ActiveCfg = Release|x64
		{FE72A77C-6141-47E4-9A38-0506EB5FEF5B}.Release|x64.Build.0 = Release|x64
		{FE72A77C-6141-47E4-9A38-0506EB5FEF5B}.Release|x86.ActiveCfg = Release|Win32
		{FE72A77C-6141-47E4-9A38-0506EB5FEF5B}.Release|x86.Build.0 = Release|Win32
		{90508147-CC86-40C9-9B24-F54AB2E758EE}.Debug|x64.ActiveCfg = Debug|x64
		{90508147-CC86-40C9-9B24-F54AB2E758EE}.Debug|x64.Build.0 = Debug|x64
		{90508147-CC86-40C9-9B24-F54AB2E758EE}.Debug|x86.ActiveCfg = Debug|Win32
		{90508147-CC86-40C9-9B24-F54AB2E758EE}.Debug|x86.Build.0 = Debug|Win32
		{90508147-CC86-40C9-9B24-F54AB2E758EE}.Release|x64.ActiveCfg = Release|x64
		{90508147-CC86-40C9-9B24-F54AB2E758EE}.Release|x64.Build.0 = Release|x64
		{90508147-CC86-40C9-9B24-F54AB2E758EE}.Release|x86.ActiveCfg = Release|Win32
		{90508147-CC86-40C9-9B24-F54AB2E758EE}.Release|x86.Build.0 = Release|Win32
		{C7456DE3-54C9-4699-8F82-9AB90F24290F}.Debug|x64.ActiveCfg = Debug|x64
		{C7456DE3-54C9-4699-8F82-9AB90F24290F}.Debug|x64.Build.0 = Debug|x64
		{C7456DE3-54C9-4699-8F82-9AB90F24290F}.Debug|x86.ActiveCfg = Debug|Win32
		{C7456DE3-54C9-4699-8F82-9AB90F24290F}.Debug|x86.Build.0 = Debug|Win32
		{C7456DE3-54C9-4699-8F82-9AB90F24290F}.Release|x64.ActiveCfg = Release|x64
		{C7456DE3-54C9-4699-8F82-9AB90F24290F}.Release|x64.Build.0 = Release|x64
		{C7456DE3-54C9-4699-8F82-9AB90F24290F}.Release|x86.ActiveCfg = Release|Win32
		{C7456DE3-54C9-4699-8F82-9AB90F24290F}.Release|x86.Build.0 = Release|Win32
		{AABAFC32-4099-4550-9AF4-8733DF21368A}.Debug|x64.ActiveCfg = Debug|x64
		{AABAFC32-4099-4550-9AF4-8733DF21368A}.Debug|x64.Build.0 = Debug|x64
		{AABAFC32-4099-4550-9AF4-8733DF21368A}.Debug|x86.ActiveCfg = Debug|Win32
		{AABAFC32-4099-4550-9AF4-8733DF21368A}.Debug|x86.Build.0 = Debug|Win32
		{AABAFC32-4099-4550-9AF4-8733DF21368A}.Release|x64.ActiveCfg = Release|x64
		{AABAFC32-4099-4550-9AF4-8733DF21368A}.Release|x64.Build.0 = Release|x64
		{AABAFC32-4099-4550-9AF4-8733DF21368A}.Release|x86.ActiveCfg = Release|Win32
		{AABAFC32-4099-4550-9AF4-8733DF21368A}.Release|x86.Build.0 = Release|Win32
		{351FDBE9-07FE-4A93-BE10-AE674746C7B9}.Debug|x64.ActiveCfg = Debug|x64
		{351FDBE9-07FE-4A93-BE10-AE674746C7B9}.Debug|x64.Build.0 = Debug|x64
		{351FDBE9-07FE-4A93-BE10-AE674746C7B9}.Debug|x86.ActiveCfg = Debug|Win32
		{351FDBE9-07FE-4A93-BE10-AE674746C7B9}.Debug|x86.Build.0 = Debug|Win32
		{351FDBE9-07FE-4A93-BE10-AE674746C7B9}.Release|x64.ActiveCfg = Release|x64
		{351FDBE9-07FE-4A93-BE10-AE674746C7B9}.Release|x64.Build.0 = Release|x64
		{351FDBE9-07FE-4A93-BE10-AE674746C7B9}.Release|x86.ActiveCfg = Release|Win32
		{351FDBE9-07FE-4A93-BE10-AE674746C7B9}.Release|x86.Build.0 = Release|Win32
		{5F73B384-F6CB-4DA1-8A5F-CB4DDE4A02F7}.Debug|x64.ActiveCfg = Debug|x64
		{5F73B384-F6CB-4DA1-8A5F-CB4DDE4A02F7}.Debug|x64.Build.0 = Debug|x64
		{5F73B384-F6CB-4DA1-8A5F-CB4DDE4A02F7}.Debug|x86.ActiveCfg = Debug|Win32
		{5F73B384-F6CB-4DA1-8A5F-CB4DDE4A02F7}.Debug|x86.Build.0 = Debug|Win32
		{5F73B384-F6CB-4DA1-8A5F-CB4DDE4A02F7}.Release|x64.ActiveCfg = Release|x64
		{5F73B384-F6CB-4DA1-8A5F-CB4DDE4A02F7}.Release|x64.Build.0 = Release|x64
		{5F73B384-F6CB-4DA1-8A5F-CB4DDE4A02F7}.Release|x86.ActiveCfg = Release|Win32
		{5F73B384-F6CB-4DA1-8A5F-CB4DDE4A02F7}.Release|x86.Build.0 = Release|Win32
		{EB936C51-6808-4FCE-A4E8-C125726D3F88}.Debug|x64.ActiveCfg = Debug|x64
		{EB936C51-6808-4FCE-A4E8-C125726D3F88}.Debug|x64.Build.0 = Debug|x64
		{EB936C51-6808-4FCE-A4E8-C125726D3F88}.Debug|x86.ActiveCfg = Debug|Win32
		{EB936C51-6808-4FCE-A4E8-C125726D3F88}.Debug|x86.Build.0 = Debug|Win32
		{EB936C51-6808-4FCE-A4E8-C125726D3F88}.Release|x64.ActiveCfg = Release|x64
		{EB936C51-6808-4FCE-A4E8-C125726D3F88}.Release|x64.Build.0 = Release|x64
		{EB936C51-6808-4FCE-A4E8-C125726D3F88}.Release|x86.ActiveCfg = Release|Win32
		{EB936C51-6808-4FCE-A4E8-C125726D3F88}.Release|x86.Build.0 = Release|Win32
		{917D97F7-58D2-4C87-BE18-8E3C3B89564E}.Debug|x64.ActiveCfg = Debug|x64
		{917D97F7-58D2-4C87-BE18-8E3C3B89564E}.Debug|x64.Build.0 = Debug|x64
		{917D97F7-58D2-4C87-BE18-8E3C3B89564E}.Debug|x86.ActiveCfg = Debug|Win32
		{917D97F7-58D2-4C87-BE18-8E3C3B89564E}.Debug|x86.Build.0 = Debug|Win32
		{917D97F7-58D2-4C87-BE18-8E3C3B89564E}.Release|x64.ActiveCfg = Release|x64
		{917D97F7-58D2-4C87-BE18-8E3C3B89564E}.Release|x64.Build.0 = Release|x64
		{917D97F7-58D2-4C87-BE18-8E3C3B89564E}.Release|x86.ActiveCfg = Release|Win32
		{917D97F7-58D2-4C87-BE18-8E3C3B89564E}.Release|x86.Build.0 = Release|Win32
		{A118F40C-2859-4A43-B3FB-DE2951BE07B6}.Debug|x64.ActiveCfg = Debug|x64
		{A118F40C-2859-4A43-B3FB-DE2951BE07B6}.Debug|x64.Build.0 = Debug|x64
		{A118F40C-2859-4A43-B3FB-DE2951BE07B6}.Debug|x86.ActiveCfg = Debug|Win32
		{A118F40C-2859-4A43-B3FB-DE2951BE07B6}.Debug|x86.Build.0 = Debug|Win32
		{A118F40C-2859-4A43-B3FB-DE2951BE07B6}.Release|x64.ActiveCfg = Release|x64
		{A118F40C-2859-4A43-B3FB-DE2951BE07B6}.Release|x64.Build.0 = Release|x64
		{A118F40C-2859-4A43-B3FB-DE2951BE07B6}.Release|x86.ActiveCfg = Release|Win32
		{A118F40C-2859-4A43-B3FB-DE2951BE07B6}.Release|x86.Build.0 = Release|Win32
		{64264699-9871-4E9D-8603-EEF09BED413B}.Debug|x64.ActiveCfg = Debug|x64
		{64264699-9871-4E9D-8603-EEF09BED413B}.Debug|x64.Build.0 = Debug|x64
		{64264699-9871-4E9D-8603-EEF09BED413B}.Debug|x86.ActiveCfg = Debug|Win32
		{64264699-9871-4E9D-8603-EEF09BED413B}.Debug|x86.Build.0 = Debug|Win32
		{64264699-9871-4E9D-8603-EEF09BED413B}.Release|x64.ActiveCfg = Release|x64
		{64264699-9871-4E9D-8603-EEF09BED413B}.Release|x64.Build.0 = Release|x64
		{64264699-9871-4E9D-8603-EEF09BED413B}.Release|x86.ActiveCfg = Release|Win32
		{64264699-9871-4E9D-8603-EEF09BED413B}.Release|x86.Build.0 = Release|Win32
		{4E123690-AD0F-4047-B19D-EEDDA7CF8A7E}.Debug|x64.ActiveCfg = Debug|x64
		{4E123690-AD0F-4047-B19D-EEDDA7CF8A7E}.Debug|x64.Build.0 = Debug|x64
		{4E123690-AD0F-4047-B19D-EEDDA7CF8A7E}.Debug|x86.ActiveCfg = Debug|Win32
		{4E123690-AD0F-4047-B19D-EEDDA7CF8A7E}.Debug|x86.Build.0 = Debug|Win32
		{4E123690-AD0F-4047-B19D-EEDDA7CF8A7E}.Release|x64.ActiveCfg = Release|x64
		{4E123690-AD0F-4047-B19D-EEDDA7CF8A7E}.Release|x64.Build.0 = Release|x64
		{4E123690-AD0F-4047-B19D-EEDDA7CF8A7E}.Release|x86.ActiveCfg = Release|Win32
		{4E123690-AD0F-4047-B19D-EEDDA7CF8A7E}.Release|x86.Build.0 = Release|Win32
		{183B608E-ED69-4FA9-BC3C-5F23B95742BA}.Debug|x64.ActiveCfg = Debug|x64
		{183B608E-ED69-4FA9-BC3C-5F23B95742BA}.Debug|x64.Build.0 = Debug|x64
		{183B608E-ED69-4FA9-BC3C-5F23B95742BA}.Debug|x86.ActiveCfg = Debug|Win32
		{183B608E-ED69-4FA9-BC3C-5F23B95742BA}.Debug|x86.Build.0 = Debug|Win32
		{183B608E-ED69-4FA9-BC3C-5F23B95742BA}.Release|x64.ActiveCfg = Release|x64
		{183B608E-ED69-4FA9-BC3C-5F23B95742BA}.Release|x64.Build.0 = Release|x64
		{183B608E-ED69-4FA9-BC3C-5F23B95742BA}.Release|x86.ActiveCfg = Release|Win32
		{183B608E-ED69-4FA9-BC3C-5F23B95742BA}.Release|x86.Build.0 = Release|Win32
		{7B0AF5BB-C71B-4526-8755-9F7BFF5B6AA5}.Debug|x64.ActiveCfg = Debug|x64
		{7B0AF5BB-C71B-4526-8755-9F7BFF5B6AA5}.Debug|x64.Build.0 = Debug|x64
		{7B0AF5BB-C71B-4526-8755-9F7BFF5B6AA5}.Debug|x86.ActiveCfg = Debug|Win32
		{7B0AF5BB-C71B-4526-8755-9F7BFF5B6AA5}.Debug|x86.Build.0 = Debug|Win32
		{7B0AF5BB-C71B-4526-8755-9F7BFF5B6AA5}.Release|x64.ActiveCfg = Release|x64
		{7B0AF5BB-C71B-4526-8755-9F7BFF5B6AA5}.Release|x64.Build.0 = Release|x64
		{7B0AF5BB-C71B-4526-8755-9F7BFF5B6AA5}.Release|x86.ActiveCfg = Release|Win32
		{7B0AF5BB-C71B-4526-8755-9F7BFF5B6AA5}.Release|x86.Build.0 = Release|Win32
		{3B3C0A1B-AAE5-49DB-B961-5A0DD5FF9B1B}.Debug|x64.ActiveCfg = Debug|x64
		{3B3C0A1B-AAE5-49DB-B961-5A0DD5FF9B1B}.Debug|x64.Build.0 = Debug|x64
		{3B3C0A1B-AAE5-49DB-B961-5A0DD5FF9B1B}.Debug|x86.ActiveCfg = Debug|Win32
		{3B3C0A1B-AAE5-49DB-B961-5A0DD5FF9B1B}.Debug|x86.Build.0 = Debug|Win32
		{3B3C0A1B-AAE5-49DB-B961-5A0DD5FF9B1B}.Release|x64.ActiveCfg = Release|x64
		{3B3C0A1B-AAE5-49DB-B961-5A0DD5FF9B1B}.Release|x64.Build.0 = Release|x64
		{3B3C0A1B-AAE5-49DB-B961-5A0DD5FF9B1B}.Release|x86.ActiveCfg = Release|Win32
		{3B3C0A1B-AAE5-49DB-B961-5A0DD5FF9B1B}.Release|x86.Build.0 = Release|Win32
		{B98DBBD3-BAD4-44CF-B1FA-3520AA6B1577}.Debug|x64.ActiveCfg = Debug|x64
		{B98DBBD3-BAD4-44CF-B1FA-3520AA6B1577}.Debug|x64.Build.0 = Debug|x64
		{B98DBBD3-BAD4-44CF-B1FA-3520AA6B1577}.Debug|x86.ActiveCfg = Debug|Win32
		{B98DBBD3-BAD4-44CF-B1FA-3520AA6B1577}.Debug|x86.Build.0 = Debug|Win32
		{B98DBBD3-BAD4-44CF-B1FA-3520AA6B1577}.Release|x64.ActiveCfg = Release|x64
		{B98DBBD3-BAD4-44CF-B1FA-3520AA6B1577}.Release|x64.Build.0 = Release|x64
		{B98DBBD3-BAD4-44CF-B1FA-3520AA6B1577}.Release|x86.ActiveCfg = Release|Win32
		{B98DBBD3-BAD4-44CF-B1FA-3520AA6B1577}.Release|x86.Build.0 = Release|Win32
		{45D1CA9A-8359-4F2A-B50E-A7AD09987645}.Debug|x64.ActiveCfg = Debug|x64
		{45D1CA9A-8359-4F2A-B50E-A7AD09987645}.Debug|x64.Build.0 = Debug|x64
		{45D1CA9A-8359-4F2A-B50E-A7AD09987645}.Debug|x86.ActiveCfg = Debug|Win32
		{45D1CA9A-8359-4F2A-B50E-A7AD09987645}.Debug|x86.Build.0 = Debug|Win32
		{45D1CA9A-8359-4F2A-B50E-A7AD09987645}.Release|x64.ActiveCfg = Release|x64
		{45D1CA9A-8359-4F2A-B50E-A7AD09987645}.Release|x64.Build.0 = Release|x64
		{45D1CA9A-8359-4F2A-B50E-A7AD09987645}.Release|x86.ActiveCfg = Release|Win32
		{45D1CA9A-8359-4F2A-B50E-A7AD09987645}.Release|x86.Build.0 = Release|Win32
		{F7C16DE5-0F5A-42EC-8A1A-3F137F6C7791}.Debug|x64.ActiveCfg = Debug|x64
		{F7C16DE5-0F5A-42EC-8A1A-3F137F6C7791}.Debug|x64.Build.0 = Debug|x64
		{F7C16DE5-0F5A-42EC-8A1A-3F137F6C7791}.Debug|x86.ActiveCfg = Debug|Win32
		{F7C16DE5-0F5A-42EC-8A1A-3F137F6C7791}.Debug|x86.Build.0 = Debug|Win32
		{F7C16DE5-0F5A-42EC-8A1A-3F137F6C7791}.Release|x64.ActiveCfg = Release|x64
		{F7C16DE5-0F5A-42EC-8A1A-3F137F6C7791}.Release|x64.Build.0 = Release|x64
		{F7C16DE5-0F5A-42EC-8A1A-3F137F6C7791}.Release|x86.ActiveCfg = Release|Win32
		{F7C16DE5-0F5A-42EC-8A1A-3F137F6C7791}.Release|x86.Build.0 = Release|Win32
		{1DE77FD3-134C-4122-970B-7BBE58CCF2C0}.Debug|x64.ActiveCfg = Debug|x64
		{1DE77FD3-134C-4122-970B-7BBE58CCF2C0}.Debug|x64.Build.0 = Debug|x64
		{1DE77FD3-134C-4122-970B-7BBE58CCF2C0}.Debug|x86.ActiveCfg = Debug|Win32
		{1DE77FD3-134C-4122-970B-7BBE58CCF2C0}.Debug|x86.Build.0 = Debug|Win32
		{1DE77FD3-134C-4122-970B-7BBE58CCF2C0}.Release|x64.ActiveCfg = Release|x64
		{1DE77FD3-134C-4122-970B-7BBE58CCF2C0}.Release|x64.Build.0 = Release|x64
		{1DE77FD3-134C-4122-970B-7BBE58CCF2C0}.Release|x86.ActiveCfg = Release|Win32
		{1DE77FD3-134C-4122-970B-7BBE58CCF2C0}.Release|x86.Build.0 = Release|Win32
		{DE03C6B7-E1C3-4370-991F-0B95599EC4D1}.Debug|x64.ActiveCfg = Debug|x64
		{DE03C6B7-E1C3-4370-991F-0B95599EC4D1}.Debug|x64.Build.0 = Debug|x64
		{DE03C6B7-E1C3-4370-991F-0B95599EC4D1}.Debug|x86.ActiveCfg = Debug|Win32
		{DE03C6B7-E1C3-4370-991F-0B95599EC4D1}.Debug|x86.Build.0 = Debug|Win32
		{DE03C6B7-E1C3-4370-991F-0B95599EC4D1}.Release|x64.ActiveCfg = Release|x64
		{DE03C6B7-E1C3-4370-991F-0B95599EC4D1}.Release|x64.Build.0 = Release|x64
		{DE03C6B7-E1C3-4370-991F-0B95599EC4D1}.Release|x86.ActiveCfg = Release|Win32
		{DE03C6B7-E1C3-4370-991F-0B95599EC4D1}.Release|x86.Build.0 = Release|Win32
		{A1E7DA9C-78EE-4026-A86F-EFB0C61DB2DA}.Debug|x64.ActiveCfg = Debug|x64
		{A1E7DA9C-78EE-4026-A86F-EFB0C61DB2DA}.Debug|x64.Build.0 = Debug|x64
		{A1E7DA9C-78EE-4026-A86F-EFB0C61DB2DA}.Debug|x86.ActiveCfg = Debug|Win32
		{A1E7DA9C-78EE-4026-A86F-EFB0C61DB2DA}.Debug|x86.Build.0 = Debug|Win32
		{A1E7DA9C-78EE-4026-A86F-EFB0C61DB2DA}.Release|x64.ActiveCfg = Release|x64
		{A1E7DA9C-78EE-4026-A86F-EFB0C61DB2DA}.Release|x64.Build.0 = Release|x64
		{A1E7DA9C-78EE-4026-A86F-EFB0C61DB2DA}.Release|x86.ActiveCfg = Release|Win32
		{A1E7DA9C-78EE-4026-A86F-EFB0C61DB2DA}.Release|x86.Build.0 = Release|Win32
		{146B8D39-E661-4723-B512-43EB1ED4B912}.Debug|x64.ActiveCfg = Debug|x64
		{146B8D39-E661-4723-B512-43EB1ED4B912}.Debug|x64.Build.0 = Debug|x64
		{146B8D39-E661-4723-B512-43EB1ED4B912}.Debug|x86.ActiveCfg = Debug|Win32
		{146B8D39-E661-4723-B512-43EB1ED4B912}.Debug|x86.Build.0 = Debug|Win32
		{146B8D39-E661-4723-B512-43EB1ED4B912}.Release|x64.ActiveCfg = Release|x64
		{146B8D39-E661-4723-B512-43EB1ED4B912}.Release|x64.Build.0 = Release|x64
		{146B8D39-E661-4723-B512-43EB1ED4B912}.Release|x86.ActiveCfg = Release|Win32
		{146B8D39-E661-4723-B512-43EB1ED4B912}.Release|x86.Build.0 = Release|Win32
		{7B6681E1-90C8-4A5D-B550-5087130C70A4}.Debug|x64.ActiveCfg = Debug|x64
		{7B6681E1-90C8-4A5D-B550-5087130C70A4}.Debug|x64.Build.0 = Debug|x64
		{7B6681E1-90C8-4A5D-B550-5087130C70A4}.Debug|x86.ActiveCfg = Debug|Win32
		{7B6681E1-90C8-4A5D-B550-5087130C70A4}.Debug|x86.Build.0 = Debug|Win32
		{7B6681E1-90C8-4A5D-B550-5087130C70A4}.Release|x64.ActiveCfg = Release|x64
		{7B6681E1-90C8-4A5D-B550-5087130C70A4}.Release|x64.Build.0 = Release|x64
		{7B6681E1-90C8-4A5D-B550-5087130C70A4}.Release|x86.ActiveCfg = Release|Win32
		{7B6681E1-90C8-4A5D-B550-5087130C70A4}.Release|x86.Build.0 = Release|Win32
		{1D5D8E95-4575-4392-B166-CB8475E76690}.Debug|x64.ActiveCfg = Debug|x64
		{1D5D8E95-4575-4392-B166-CB8475E76690}.Debug|x64.Build.0 = Debug|x64
		{1D5D8E95-4575-4392-B166-CB8475E76690}.Debug|x86.ActiveCfg = Debug|Win32
		{1D5D8E95-4575-4392-B166-CB8475E76690}.Debug|x86.Build.0 = Debug|Win32
		{1D5D8E95-4575-4392-B166-CB8475E76690}.Release|x64.ActiveCfg = Release|x64
		{1D5D8E95-4575-4392-B166-CB8475E76690}.Release|x64.Build.0 = Release|x64
		{1D5D8E95-4575-4392-B166-CB8475E76690}.Release|x86.ActiveCfg = Release|Win32
		{1D5D8E95-4575-4392-B166-CB8475E76690}.Release|x86.Build.0 = Release|Win32
	EndGlobalSection
	GlobalSection(SolutionProperties) = preSolution
		HideSolutionNode = FALSE
	EndGlobalSection
	GlobalSection(ExtensibilityGlobals) = postSolution
		SolutionGuid = {B9FEFF87-987E-494F-AD8D-19AFCCE0AC75}
	EndGlobalSection
EndGlobal
