
Microsoft Visual Studio Solution File, Format Version 12.00
# Visual Studio Version 17
VisualStudioVersion = 17.7.34031.279
MinimumVisualStudioVersion = 10.0.40219.1
Project("{8BC9CEB8-8B4A-11D0-8D11-00A0C91BC942}") = "Bai001", "Bai001\Bai001.vcxproj", "{047AC293-CCE0-42CD-ACBB-B552024C12FE}"
EndProject
Project("{8BC9CEB8-8B4A-11D0-8D11-00A0C91BC942}") = "Bai002", "Bai002\Bai002.vcxproj", "{05C5C13D-02AD-4DC6-A794-16AB0BD7EDE2}"
EndProject
Project("{8BC9CEB8-8B4A-11D0-8D11-00A0C91BC942}") = "Bai003", "Bai003\Bai003.vcxproj", "{04BC5378-907E-4BC1-9433-64E5D6B62D09}"
EndProject
Project("{8BC9CEB8-8B4A-11D0-8D11-00A0C91BC942}") = "Bai004", "Bai004\Bai004.vcxproj", "{5578689F-40BB-44A9-8BC8-A5B24C39BAB5}"
EndProject
Project("{8BC9CEB8-8B4A-11D0-8D11-00A0C91BC942}") = "Bai005", "Bai005\Bai005.vcxproj", "{B59A08ED-E749-42A6-89C7-452A08E95A1E}"
EndProject
Project("{8BC9CEB8-8B4A-11D0-8D11-00A0C91BC942}") = "Bai006", "Bai006\Bai006.vcxproj", "{2C2CD1E7-6287-4C7F-AB60-6BD9F50FD9EB}"
EndProject
Project("{8BC9CEB8-8B4A-11D0-8D11-00A0C91BC942}") = "Bai007", "Bai007\Bai007.vcxproj", "{9F785017-005E-4CA4-950C-7613A88AE561}"
EndProject
Project("{8BC9CEB8-8B4A-11D0-8D11-00A0C91BC942}") = "Bai008", "Bai008\Bai008.vcxproj", "{D1952058-6717-4684-97D2-C47BC0A752F1}"
EndProject
Project("{8BC9CEB8-8B4A-11D0-8D11-00A0C91BC942}") = "Bai009", "Bai009\Bai009.vcxproj", "{4F3CE77F-BA5B-4534-85FA-C449ED495F35}"
EndProject
Project("{8BC9CEB8-8B4A-11D0-8D11-00A0C91BC942}") = "Bai010", "Bai010\Bai010.vcxproj", "{2D6B06E1-46BC-41C8-8A6D-624CE2BE3393}"
EndProject
Project("{8BC9CEB8-8B4A-11D0-8D11-00A0C91BC942}") = "Bai011", "Bai011\Bai011.vcxproj", "{6AEAF057-8636-496D-93A5-9DD0C26AF792}"
EndProject
Project("{8BC9CEB8-8B4A-11D0-8D11-00A0C91BC942}") = "Bai012", "Bai012\Bai012.vcxproj", "{2AE2B454-F69E-48B8-809C-154771D11743}"
EndProject
Project("{8BC9CEB8-8B4A-11D0-8D11-00A0C91BC942}") = "Bai013", "Bai013\Bai013.vcxproj", "{617FE759-0D82-43D5-8635-7AF60B8C9E64}"
EndProject
Project("{8BC9CEB8-8B4A-11D0-8D11-00A0C91BC942}") = "Bai014", "Bai014\Bai014.vcxproj", "{022A0A33-4822-42F0-AE85-63177E6195C9}"
EndProject
Project("{8BC9CEB8-8B4A-11D0-8D11-00A0C91BC942}") = "Bai015", "Bai015\Bai015.vcxproj", "{0E7D0878-7293-4E8A-A714-16E47541036E}"
EndProject
Project("{8BC9CEB8-8B4A-11D0-8D11-00A0C91BC942}") = "Bai016", "Bai016\Bai016.vcxproj", "{C1DF970C-5D74-48FC-98C7-7F69334783CC}"
EndProject
Project("{8BC9CEB8-8B4A-11D0-8D11-00A0C91BC942}") = "Bai017", "Bai017\Bai017.vcxproj", "{84025535-2F65-4981-AB20-AC6703F36F44}"
EndProject
Project("{8BC9CEB8-8B4A-11D0-8D11-00A0C91BC942}") = "Bai018", "Bai018\Bai018.vcxproj", "{FE72A77C-6141-47E4-9A38-0506EB5FEF5B}"
EndProject
Project("{8BC9CEB8-8B4A-11D0-8D11-00A0C91BC942}") = "Bai019", "Bai019\Bai019.vcxproj", "{90508147-CC86-40C9-9B24-F54AB2E758EE}"
EndProject
Project("{8BC9CEB8-8B4A-11D0-8D11-00A0C91BC942}") = "Bai020", "Bai020\Bai020.vcxproj", "{C7456DE3-54C9-4699-8F82-9AB90F24290F}"
EndProject
Project("{8BC9CEB8-8B4A-11D0-8D11-00A0C91BC942}") = "Bai021", "Bai021\Bai021.vcxproj", "{AABAFC32-4099-4550-9AF4-8733DF21368A}"
EndProject
Project("{8BC9CEB8-8B4A-11D0-8D11-00A0C91BC942}") = "Bai022", "Bai022\Bai022.vcxproj", "{351FDBE9-07FE-4A93-BE10-AE674746C7B9}"
EndProject
Project("{8BC9CEB8-8B4A-11D0-8D11-00A0C91BC942}") = "Bai023", "Bai023\Bai023.vcxproj", "{5F73B384-F6CB-4DA1-8A5F-CB4DDE4A02F7}"
EndProject
Project("{8BC9CEB8-8B4A-11D0-8D11-00A0C91BC942}") = "Bai024", "Bai024\Bai024.vcxproj", "{EB936C51-6808-4FCE-A4E8-C125726D3F88}"
EndProject
Project("{8BC9CEB8-8B4A-11D0-8D11-00A0C91BC942}") = "Bai025", "Bai025\Bai025.vcxproj", "{917D97F7-58D2-4C87-BE18-8E3C3B89564E}"
EndProject
Project("{8BC9CEB8-8B4A-11D0-8D11-00A0C91BC942}") = "Bai026", "Bai026\Bai026.vcxproj", "{A118F40C-2859-4A43-B3FB-DE2951BE07B6}"
EndProject
Project("{8BC9CEB8-8B4A-11D0-8D11-00A0C91BC942}") = "Bai027", "Bai027\Bai027.vcxproj", "{64264699-9871-4E9D-8603-EEF09BED413B}"
EndProject
Project("{8BC9CEB8-8B4A-11D0-8D11-00A0C91BC942}") = "Bai028", "Bai028\Bai028.vcxproj", "{4E123690-AD0F-4047-B19D-EEDDA7CF8A7E}"
EndProject
Project("{8BC9CEB8-8B4A-11D0-8D11-00A0C91BC942}") = "Bai029", "Bai029\Bai029.vcxproj", "{183B608E-ED69-4FA9-BC3C-5F23B95742BA}"
EndProject
Project("{8BC9CEB8-8B4A-11D0-8D11-00A0C91BC942}") = "Bai030", "Bai030\Bai030.vcxproj", "{7B0AF5BB-C71B-4526-8755-9F7BFF5B6AA5}"
EndProject
Project("{8BC9CEB8-8B4A-11D0-8D11-00A0C91BC942}") = "Bai033", "Bai033\Bai033.vcxproj", "{3B3C0A1B-AAE5-49DB-B961-5A0DD5FF9B1B}"
EndProject
Project("{8BC9CEB8-8B4A-11D0-8D11-00A0C91BC942}") = "Bai034", "Bai034\Bai034.vcxproj", "{B98DBBD3-BAD4-44CF-B1FA-3520AA6B1577}"
EndProject
Project("{8BC9CEB8-8B4A-11D0-8D11-00A0C91BC942}") = "Bai035", "Bai035\Bai035.vcxproj", "{45D1CA9A-8359-4F2A-B50E-A7AD09987645}"
EndProject
Project("{8BC9CEB8-8B4A-11D0-8D11-00A0C91BC942}") = "Bai036", "Bai036\Bai036.vcxproj", "{F7C16DE5-0F5A-42EC-8A1A-3F137F6C7791}"
EndProject
Project("{8BC9CEB8-8B4A-11D0-8D11-00A0C91BC942}") = "Bai037", "Bai037\Bai037.vcxproj", "{1DE77FD3-134C-4122-970B-7BBE58CCF2C0}"
EndProject
Project("{8BC9CEB8-8B4A-11D0-8D11-00A0C91BC942}") = "Bai038", "Bai038\Bai038.vcxproj", "{DE03C6B7-E1C3-4370-991F-0B95599EC4D1}"
EndProject
Project("{8BC9CEB8-8B4A-11D0-8D11-00A0C91BC942}") = "Bai039", "Bai039\Bai039.vcxproj", "{A1E7DA9C-78EE-4026-A86F-EFB0C61DB2DA}"
EndProject
Project("{8BC9CEB8-8B4A-11D0-8D11-00A0C91BC942}") = "Bai040", "Bai040\Bai040.vcxproj", "{146B8D39-E661-4723-B512-43EB1ED4B912}"
EndProject
Project("{8BC9CEB8-8B4A-11D0-8D11-00A0C91BC942}") = "Bai031", "Bai031\Bai031.vcxproj", "{7B6681E1-90C8-4A5D-B550-5087130C70A4}"
EndProject
Project("{8BC9CEB8-8B4A-11D0-8D11-00A0C91BC942}") = "Bai032", "Bai032\Bai032.vcxproj", "{1D5D8E95-4575-4392-B166-CB8475E76690}"
EndProject
Project("{8BC9CEB8-8B4A-11D0-8D11-00A0C91BC942}") = "Bai161", "Bai161\Bai161.vcxproj", "{5F4E8F7D-0E03-4AEE-BD39-3D3B44314B2F}"
EndProject
Project("{8BC9CEB8-8B4A-11D0-8D11-00A0C91BC942}") = "Bai162", "Bai162\Bai162.vcxproj", "{1D955E05-D04B-415D-8BD8-7787EDF95DB6}"
EndProject
Project("{8BC9CEB8-8B4A-11D0-8D11-00A0C91BC942}") = "Bai163", "Bai163\Bai163.vcxproj", "{6D6B925D-8035-4CAE-A684-DAC2137ABC78}"
EndProject
Project("{8BC9CEB8-8B4A-11D0-8D11-00A0C91BC942}") = "Bai164", "Bai164\Bai164.vcxproj", "{2AC7C5A8-87C2-4FF7-B66E-8B8A3C8D0DD0}"
EndProject
Project("{8BC9CEB8-8B4A-11D0-8D11-00A0C91BC942}") = "Bai165", "Bai165\Bai165.vcxproj", "{25140A89-70E5-4282-A8CF-63EE0BD4920F}"
EndProject
Project("{8BC9CEB8-8B4A-11D0-8D11-00A0C91BC942}") = "Bai166", "Bai166\Bai166.vcxproj", "{91FC88D6-C1A6-4C12-8FF3-798C26958909}"
EndProject
Project("{8BC9CEB8-8B4A-11D0-8D11-00A0C91BC942}") = "Bai167", "Bai167\Bai167.vcxproj", "{ED0EA436-EB50-4A4F-A5BC-C225705823A9}"
EndProject
Project("{8BC9CEB8-8B4A-11D0-8D11-00A0C91BC942}") = "Bai168", "Bai168\Bai168.vcxproj", "{21B1A673-BD37-4C5A-A9C5-33D811F203B3}"
EndProject
Project("{8BC9CEB8-8B4A-11D0-8D11-00A0C91BC942}") = "Bai169", "Bai169\Bai169.vcxproj", "{9A4740AF-887D-46F1-83A7-EE5D1CBA5361}"
EndProject
Project("{8BC9CEB8-8B4A-11D0-8D11-00A0C91BC942}") = "Bai170", "Bai170\Bai170.vcxproj", "{AD1ECB2E-240C-4D92-941C-07ABE7D4B3B6}"
EndProject
Project("{8BC9CEB8-8B4A-11D0-8D11-00A0C91BC942}") = "Bai171", "Bai171\Bai171.vcxproj", "{0ABBCDB1-EB8F-4614-B443-F2E94AC32BB3}"
EndProject
Project("{8BC9CEB8-8B4A-11D0-8D11-00A0C91BC942}") = "Bai172", "Bai172\Bai172.vcxproj", "{91814D97-600E-4FBF-BCAE-11E49B5357FD}"
EndProject
Project("{8BC9CEB8-8B4A-11D0-8D11-00A0C91BC942}") = "Bai173", "Bai173\Bai173.vcxproj", "{51B55312-3586-499E-A6F7-EB0408C5B5FE}"
EndProject
Project("{8BC9CEB8-8B4A-11D0-8D11-00A0C91BC942}") = "Bai174", "Bai174\Bai174.vcxproj", "{37414A11-73A0-4F37-A5B3-11B3AE554B61}"
EndProject
Project("{8BC9CEB8-8B4A-11D0-8D11-00A0C91BC942}") = "Bai175", "Bai175\Bai175.vcxproj", "{90637602-17E5-4D5E-8E27-BBC4E1AEB9D9}"
EndProject
Project("{8BC9CEB8-8B4A-11D0-8D11-00A0C91BC942}") = "Bai176", "Bai176\Bai176.vcxproj", "{96601FBF-1783-4254-B961-F3B2A1651F36}"
EndProject
Project("{8BC9CEB8-8B4A-11D0-8D11-00A0C91BC942}") = "Bai177", "Bai177\Bai177.vcxproj", "{32D6A23B-9BAF-48C3-A57A-2A8FB1AF6CEF}"
EndProject
Project("{8BC9CEB8-8B4A-11D0-8D11-00A0C91BC942}") = "Bai178", "Bai178\Bai178.vcxproj", "{3071D830-8092-4357-9BA5-78C540A2FB58}"
EndProject
Project("{8BC9CEB8-8B4A-11D0-8D11-00A0C91BC942}") = "Bai179", "Bai179\Bai179.vcxproj", "{0C10B328-0DA5-4AE0-A528-DE67D87659E3}"
EndProject
Project("{8BC9CEB8-8B4A-11D0-8D11-00A0C91BC942}") = "Bai180", "Bai180\Bai180.vcxproj", "{8FE6EC5B-EA48-4D88-BB1F-F641F92BA536}"
EndProject
Project("{8BC9CEB8-8B4A-11D0-8D11-00A0C91BC942}") = "Bai181", "Bai181\Bai181.vcxproj", "{AAF35EE0-21B4-43BE-B3B9-EA370E23B2CF}"
EndProject
Project("{8BC9CEB8-8B4A-11D0-8D11-00A0C91BC942}") = "Bai182", "Bai182\Bai182.vcxproj", "{82FFAA4F-13C3-4ED7-A197-4E74B73F9936}"
EndProject
Project("{8BC9CEB8-8B4A-11D0-8D11-00A0C91BC942}") = "Bai183", "Bai183\Bai183.vcxproj", "{5D71809E-155A-4108-AA06-A96C2CC1A38C}"
EndProject
Project("{8BC9CEB8-8B4A-11D0-8D11-00A0C91BC942}") = "Bai184", "Bai184\Bai184.vcxproj", "{DAC3D783-D4C2-43DF-9103-C50B18C0EA89}"
EndProject
Project("{8BC9CEB8-8B4A-11D0-8D11-00A0C91BC942}") = "Bai185", "Bai185\Bai185.vcxproj", "{B0A62795-51EE-4685-8369-684FF50D6315}"
EndProject
Project("{8BC9CEB8-8B4A-11D0-8D11-00A0C91BC942}") = "Bai186", "Bai186\Bai186.vcxproj", "{29CE8568-08F4-4BCC-8DED-A91775291E31}"
EndProject
Project("{8BC9CEB8-8B4A-11D0-8D11-00A0C91BC942}") = "Bai187", "Bai187\Bai187.vcxproj", "{F15EB2D3-AC63-489A-9E4F-F56716C44DFC}"
EndProject
Project("{8BC9CEB8-8B4A-11D0-8D11-00A0C91BC942}") = "Bai188", "Bai188\Bai188.vcxproj", "{5E930197-1826-4C7D-B57E-978D9A14FAD1}"
EndProject
Project("{8BC9CEB8-8B4A-11D0-8D11-00A0C91BC942}") = "Bai189", "Bai189\Bai189.vcxproj", "{042F5C6B-8640-4C7C-A668-E75E1D93D633}"
EndProject
Project("{8BC9CEB8-8B4A-11D0-8D11-00A0C91BC942}") = "Bai190", "Bai190\Bai190.vcxproj", "{DD63619C-7885-4B20-8E2B-7CBB80C6FFE7}"
EndProject
Project("{8BC9CEB8-8B4A-11D0-8D11-00A0C91BC942}") = "Bai191", "Bai191\Bai191.vcxproj", "{CDB1049F-1734-4555-A068-58F71CA67D25}"
EndProject
Project("{8BC9CEB8-8B4A-11D0-8D11-00A0C91BC942}") = "Bai192", "Bai192\Bai192.vcxproj", "{1E32397A-83B9-4D51-A4A2-546A81FBBAD2}"
EndProject
Project("{8BC9CEB8-8B4A-11D0-8D11-00A0C91BC942}") = "Bai193", "Bai193\Bai193.vcxproj", "{B18F4D3F-4C8C-40FA-A4F6-F51F055FADEA}"
EndProject
Project("{8BC9CEB8-8B4A-11D0-8D11-00A0C91BC942}") = "Bai194", "Bai194\Bai194.vcxproj", "{8DDB2A6E-8B24-447D-8FB1-35802EB0FD7F}"
EndProject
Global
	GlobalSection(SolutionConfigurationPlatforms) = preSolution
		Debug|x64 = Debug|x64
		Debug|x86 = Debug|x86
		Release|x64 = Release|x64
		Release|x86 = Release|x86
	EndGlobalSection
	GlobalSection(ProjectConfigurationPlatforms) = postSolution
		{047AC293-CCE0-42CD-ACBB-B552024C12FE}.Debug|x64.ActiveCfg = Debug|x64
		{047AC293-CCE0-42CD-ACBB-B552024C12FE}.Debug|x64.Build.0 = Debug|x64
		{047AC293-CCE0-42CD-ACBB-B552024C12FE}.Debug|x86.ActiveCfg = Debug|Win32
		{047AC293-CCE0-42CD-ACBB-B552024C12FE}.Debug|x86.Build.0 = Debug|Win32
		{047AC293-CCE0-42CD-ACBB-B552024C12FE}.Release|x64.ActiveCfg = Release|x64
		{047AC293-CCE0-42CD-ACBB-B552024C12FE}.Release|x64.Build.0 = Release|x64
		{047AC293-CCE0-42CD-ACBB-B552024C12FE}.Release|x86.ActiveCfg = Release|Win32
		{047AC293-CCE0-42CD-ACBB-B552024C12FE}.Release|x86.Build.0 = Release|Win32
		{05C5C13D-02AD-4DC6-A794-16AB0BD7EDE2}.Debug|x64.ActiveCfg = Debug|x64
		{05C5C13D-02AD-4DC6-A794-16AB0BD7EDE2}.Debug|x64.Build.0 = Debug|x64
		{05C5C13D-02AD-4DC6-A794-16AB0BD7EDE2}.Debug|x86.ActiveCfg = Debug|Win32
		{05C5C13D-02AD-4DC6-A794-16AB0BD7EDE2}.Debug|x86.Build.0 = Debug|Win32
		{05C5C13D-02AD-4DC6-A794-16AB0BD7EDE2}.Release|x64.ActiveCfg = Release|x64
		{05C5C13D-02AD-4DC6-A794-16AB0BD7EDE2}.Release|x64.Build.0 = Release|x64
		{05C5C13D-02AD-4DC6-A794-16AB0BD7EDE2}.Release|x86.ActiveCfg = Release|Win32
		{05C5C13D-02AD-4DC6-A794-16AB0BD7EDE2}.Release|x86.Build.0 = Release|Win32
		{04BC5378-907E-4BC1-9433-64E5D6B62D09}.Debug|x64.ActiveCfg = Debug|x64
		{04BC5378-907E-4BC1-9433-64E5D6B62D09}.Debug|x64.Build.0 = Debug|x64
		{04BC5378-907E-4BC1-9433-64E5D6B62D09}.Debug|x86.ActiveCfg = Debug|Win32
		{04BC5378-907E-4BC1-9433-64E5D6B62D09}.Debug|x86.Build.0 = Debug|Win32
		{04BC5378-907E-4BC1-9433-64E5D6B62D09}.Release|x64.ActiveCfg = Release|x64
		{04BC5378-907E-4BC1-9433-64E5D6B62D09}.Release|x64.Build.0 = Release|x64
		{04BC5378-907E-4BC1-9433-64E5D6B62D09}.Release|x86.ActiveCfg = Release|Win32
		{04BC5378-907E-4BC1-9433-64E5D6B62D09}.Release|x86.Build.0 = Release|Win32
		{5578689F-40BB-44A9-8BC8-A5B24C39BAB5}.Debug|x64.ActiveCfg = Debug|x64
		{5578689F-40BB-44A9-8BC8-A5B24C39BAB5}.Debug|x64.Build.0 = Debug|x64
		{5578689F-40BB-44A9-8BC8-A5B24C39BAB5}.Debug|x86.ActiveCfg = Debug|Win32
		{5578689F-40BB-44A9-8BC8-A5B24C39BAB5}.Debug|x86.Build.0 = Debug|Win32
		{5578689F-40BB-44A9-8BC8-A5B24C39BAB5}.Release|x64.ActiveCfg = Release|x64
		{5578689F-40BB-44A9-8BC8-A5B24C39BAB5}.Release|x64.Build.0 = Release|x64
		{5578689F-40BB-44A9-8BC8-A5B24C39BAB5}.Release|x86.ActiveCfg = Release|Win32
		{5578689F-40BB-44A9-8BC8-A5B24C39BAB5}.Release|x86.Build.0 = Release|Win32
		{B59A08ED-E749-42A6-89C7-452A08E95A1E}.Debug|x64.ActiveCfg = Debug|x64
		{B59A08ED-E749-42A6-89C7-452A08E95A1E}.Debug|x64.Build.0 = Debug|x64
		{B59A08ED-E749-42A6-89C7-452A08E95A1E}.Debug|x86.ActiveCfg = Debug|Win32
		{B59A08ED-E749-42A6-89C7-452A08E95A1E}.Debug|x86.Build.0 = Debug|Win32
		{B59A08ED-E749-42A6-89C7-452A08E95A1E}.Release|x64.ActiveCfg = Release|x64
		{B59A08ED-E749-42A6-89C7-452A08E95A1E}.Release|x64.Build.0 = Release|x64
		{B59A08ED-E749-42A6-89C7-452A08E95A1E}.Release|x86.ActiveCfg = Release|Win32
		{B59A08ED-E749-42A6-89C7-452A08E95A1E}.Release|x86.Build.0 = Release|Win32
		{2C2CD1E7-6287-4C7F-AB60-6BD9F50FD9EB}.Debug|x64.ActiveCfg = Debug|x64
		{2C2CD1E7-6287-4C7F-AB60-6BD9F50FD9EB}.Debug|x64.Build.0 = Debug|x64
		{2C2CD1E7-6287-4C7F-AB60-6BD9F50FD9EB}.Debug|x86.ActiveCfg = Debug|Win32
		{2C2CD1E7-6287-4C7F-AB60-6BD9F50FD9EB}.Debug|x86.Build.0 = Debug|Win32
		{2C2CD1E7-6287-4C7F-AB60-6BD9F50FD9EB}.Release|x64.ActiveCfg = Release|x64
		{2C2CD1E7-6287-4C7F-AB60-6BD9F50FD9EB}.Release|x64.Build.0 = Release|x64
		{2C2CD1E7-6287-4C7F-AB60-6BD9F50FD9EB}.Release|x86.ActiveCfg = Release|Win32
		{2C2CD1E7-6287-4C7F-AB60-6BD9F50FD9EB}.Release|x86.Build.0 = Release|Win32
		{9F785017-005E-4CA4-950C-7613A88AE561}.Debug|x64.ActiveCfg = Debug|x64
		{9F785017-005E-4CA4-950C-7613A88AE561}.Debug|x64.Build.0 = Debug|x64
		{9F785017-005E-4CA4-950C-7613A88AE561}.Debug|x86.ActiveCfg = Debug|Win32
		{9F785017-005E-4CA4-950C-7613A88AE561}.Debug|x86.Build.0 = Debug|Win32
		{9F785017-005E-4CA4-950C-7613A88AE561}.Release|x64.ActiveCfg = Release|x64
		{9F785017-005E-4CA4-950C-7613A88AE561}.Release|x64.Build.0 = Release|x64
		{9F785017-005E-4CA4-950C-7613A88AE561}.Release|x86.ActiveCfg = Release|Win32
		{9F785017-005E-4CA4-950C-7613A88AE561}.Release|x86.Build.0 = Release|Win32
		{D1952058-6717-4684-97D2-C47BC0A752F1}.Debug|x64.ActiveCfg = Debug|x64
		{D1952058-6717-4684-97D2-C47BC0A752F1}.Debug|x64.Build.0 = Debug|x64
		{D1952058-6717-4684-97D2-C47BC0A752F1}.Debug|x86.ActiveCfg = Debug|Win32
		{D1952058-6717-4684-97D2-C47BC0A752F1}.Debug|x86.Build.0 = Debug|Win32
		{D1952058-6717-4684-97D2-C47BC0A752F1}.Release|x64.ActiveCfg = Release|x64
		{D1952058-6717-4684-97D2-C47BC0A752F1}.Release|x64.Build.0 = Release|x64
		{D1952058-6717-4684-97D2-C47BC0A752F1}.Release|x86.ActiveCfg = Release|Win32
		{D1952058-6717-4684-97D2-C47BC0A752F1}.Release|x86.Build.0 = Release|Win32
		{4F3CE77F-BA5B-4534-85FA-C449ED495F35}.Debug|x64.ActiveCfg = Debug|x64
		{4F3CE77F-BA5B-4534-85FA-C449ED495F35}.Debug|x64.Build.0 = Debug|x64
		{4F3CE77F-BA5B-4534-85FA-C449ED495F35}.Debug|x86.ActiveCfg = Debug|Win32
		{4F3CE77F-BA5B-4534-85FA-C449ED495F35}.Debug|x86.Build.0 = Debug|Win32
		{4F3CE77F-BA5B-4534-85FA-C449ED495F35}.Release|x64.ActiveCfg = Release|x64
		{4F3CE77F-BA5B-4534-85FA-C449ED495F35}.Release|x64.Build.0 = Release|x64
		{4F3CE77F-BA5B-4534-85FA-C449ED495F35}.Release|x86.ActiveCfg = Release|Win32
		{4F3CE77F-BA5B-4534-85FA-C449ED495F35}.Release|x86.Build.0 = Release|Win32
		{2D6B06E1-46BC-41C8-8A6D-624CE2BE3393}.Debug|x64.ActiveCfg = Debug|x64
		{2D6B06E1-46BC-41C8-8A6D-624CE2BE3393}.Debug|x64.Build.0 = Debug|x64
		{2D6B06E1-46BC-41C8-8A6D-624CE2BE3393}.Debug|x86.ActiveCfg = Debug|Win32
		{2D6B06E1-46BC-41C8-8A6D-624CE2BE3393}.Debug|x86.Build.0 = Debug|Win32
		{2D6B06E1-46BC-41C8-8A6D-624CE2BE3393}.Release|x64.ActiveCfg = Release|x64
		{2D6B06E1-46BC-41C8-8A6D-624CE2BE3393}.Release|x64.Build.0 = Release|x64
		{2D6B06E1-46BC-41C8-8A6D-624CE2BE3393}.Release|x86.ActiveCfg = Release|Win32
		{2D6B06E1-46BC-41C8-8A6D-624CE2BE3393}.Release|x86.Build.0 = Release|Win32
		{6AEAF057-8636-496D-93A5-9DD0C26AF792}.Debug|x64.ActiveCfg = Debug|x64
		{6AEAF057-8636-496D-93A5-9DD0C26AF792}.Debug|x64.Build.0 = Debug|x64
		{6AEAF057-8636-496D-93A5-9DD0C26AF792}.Debug|x86.ActiveCfg = Debug|Win32
		{6AEAF057-8636-496D-93A5-9DD0C26AF792}.Debug|x86.Build.0 = Debug|Win32
		{6AEAF057-8636-496D-93A5-9DD0C26AF792}.Release|x64.ActiveCfg = Release|x64
		{6AEAF057-8636-496D-93A5-9DD0C26AF792}.Release|x64.Build.0 = Release|x64
		{6AEAF057-8636-496D-93A5-9DD0C26AF792}.Release|x86.ActiveCfg = Release|Win32
		{6AEAF057-8636-496D-93A5-9DD0C26AF792}.Release|x86.Build.0 = Release|Win32
		{2AE2B454-F69E-48B8-809C-154771D11743}.Debug|x64.ActiveCfg = Debug|x64
		{2AE2B454-F69E-48B8-809C-154771D11743}.Debug|x64.Build.0 = Debug|x64
		{2AE2B454-F69E-48B8-809C-154771D11743}.Debug|x86.ActiveCfg = Debug|Win32
		{2AE2B454-F69E-48B8-809C-154771D11743}.Debug|x86.Build.0 = Debug|Win32
		{2AE2B454-F69E-48B8-809C-154771D11743}.Release|x64.ActiveCfg = Release|x64
		{2AE2B454-F69E-48B8-809C-154771D11743}.Release|x64.Build.0 = Release|x64
		{2AE2B454-F69E-48B8-809C-154771D11743}.Release|x86.ActiveCfg = Release|Win32
		{2AE2B454-F69E-48B8-809C-154771D11743}.Release|x86.Build.0 = Release|Win32
		{617FE759-0D82-43D5-8635-7AF60B8C9E64}.Debug|x64.ActiveCfg = Debug|x64
		{617FE759-0D82-43D5-8635-7AF60B8C9E64}.Debug|x64.Build.0 = Debug|x64
		{617FE759-0D82-43D5-8635-7AF60B8C9E64}.Debug|x86.ActiveCfg = Debug|Win32
		{617FE759-0D82-43D5-8635-7AF60B8C9E64}.Debug|x86.Build.0 = Debug|Win32
		{617FE759-0D82-43D5-8635-7AF60B8C9E64}.Release|x64.ActiveCfg = Release|x64
		{617FE759-0D82-43D5-8635-7AF60B8C9E64}.Release|x64.Build.0 = Release|x64
		{617FE759-0D82-43D5-8635-7AF60B8C9E64}.Release|x86.ActiveCfg = Release|Win32
		{617FE759-0D82-43D5-8635-7AF60B8C9E64}.Release|x86.Build.0 = Release|Win32
		{022A0A33-4822-42F0-AE85-63177E6195C9}.Debug|x64.ActiveCfg = Debug|x64
		{022A0A33-4822-42F0-AE85-63177E6195C9}.Debug|x64.Build.0 = Debug|x64
		{022A0A33-4822-42F0-AE85-63177E6195C9}.Debug|x86.ActiveCfg = Debug|Win32
		{022A0A33-4822-42F0-AE85-63177E6195C9}.Debug|x86.Build.0 = Debug|Win32
		{022A0A33-4822-42F0-AE85-63177E6195C9}.Release|x64.ActiveCfg = Release|x64
		{022A0A33-4822-42F0-AE85-63177E6195C9}.Release|x64.Build.0 = Release|x64
		{022A0A33-4822-42F0-AE85-63177E6195C9}.Release|x86.ActiveCfg = Release|Win32
		{022A0A33-4822-42F0-AE85-63177E6195C9}.Release|x86.Build.0 = Release|Win32
		{0E7D0878-7293-4E8A-A714-16E47541036E}.Debug|x64.ActiveCfg = Debug|x64
		{0E7D0878-7293-4E8A-A714-16E47541036E}.Debug|x64.Build.0 = Debug|x64
		{0E7D0878-7293-4E8A-A714-16E47541036E}.Debug|x86.ActiveCfg = Debug|Win32
		{0E7D0878-7293-4E8A-A714-16E47541036E}.Debug|x86.Build.0 = Debug|Win32
		{0E7D0878-7293-4E8A-A714-16E47541036E}.Release|x64.ActiveCfg = Release|x64
		{0E7D0878-7293-4E8A-A714-16E47541036E}.Release|x64.Build.0 = Release|x64
		{0E7D0878-7293-4E8A-A714-16E47541036E}.Release|x86.ActiveCfg = Release|Win32
		{0E7D0878-7293-4E8A-A714-16E47541036E}.Release|x86.Build.0 = Release|Win32
		{C1DF970C-5D74-48FC-98C7-7F69334783CC}.Debug|x64.ActiveCfg = Debug|x64
		{C1DF970C-5D74-48FC-98C7-7F69334783CC}.Debug|x64.Build.0 = Debug|x64
		{C1DF970C-5D74-48FC-98C7-7F69334783CC}.Debug|x86.ActiveCfg = Debug|Win32
		{C1DF970C-5D74-48FC-98C7-7F69334783CC}.Debug|x86.Build.0 = Debug|Win32
		{C1DF970C-5D74-48FC-98C7-7F69334783CC}.Release|x64.ActiveCfg = Release|x64
		{C1DF970C-5D74-48FC-98C7-7F69334783CC}.Release|x64.Build.0 = Release|x64
		{C1DF970C-5D74-48FC-98C7-7F69334783CC}.Release|x86.ActiveCfg = Release|Win32
		{C1DF970C-5D74-48FC-98C7-7F69334783CC}.Release|x86.Build.0 = Release|Win32
		{84025535-2F65-4981-AB20-AC6703F36F44}.Debug|x64.ActiveCfg = Debug|x64
		{84025535-2F65-4981-AB20-AC6703F36F44}.Debug|x64.Build.0 = Debug|x64
		{84025535-2F65-4981-AB20-AC6703F36F44}.Debug|x86.ActiveCfg = Debug|Win32
		{84025535-2F65-4981-AB20-AC6703F36F44}.Debug|x86.Build.0 = Debug|Win32
		{84025535-2F65-4981-AB20-AC6703F36F44}.Release|x64.ActiveCfg = Release|x64
		{84025535-2F65-4981-AB20-AC6703F36F44}.Release|x64.Build.0 = Release|x64
		{84025535-2F65-4981-AB20-AC6703F36F44}.Release|x86.ActiveCfg = Release|Win32
		{84025535-2F65-4981-AB20-AC6703F36F44}.Release|x86.Build.0 = Release|Win32
		{FE72A77C-6141-47E4-9A38-0506EB5FEF5B}.Debug|x64.ActiveCfg = Debug|x64
		{FE72A77C-6141-47E4-9A38-0506EB5FEF5B}.Debug|x64.Build.0 = Debug|x64
		{FE72A77C-6141-47E4-9A38-0506EB5FEF5B}.Debug|x86.ActiveCfg = Debug|Win32
		{FE72A77C-6141-47E4-9A38-0506EB5FEF5B}.Debug|x86.Build.0 = Debug|Win32
		{FE72A77C-6141-47E4-9A38-0506EB5FEF5B}.Release|x64.ActiveCfg = Release|x64
		{FE72A77C-6141-47E4-9A38-0506EB5FEF5B}.Release|x64.Build.0 = Release|x64
		{FE72A77C-6141-47E4-9A38-0506EB5FEF5B}.Release|x86.ActiveCfg = Release|Win32
		{FE72A77C-6141-47E4-9A38-0506EB5FEF5B}.Release|x86.Build.0 = Release|Win32
		{90508147-CC86-40C9-9B24-F54AB2E758EE}.Debug|x64.ActiveCfg = Debug|x64
		{90508147-CC86-40C9-9B24-F54AB2E758EE}.Debug|x64.Build.0 = Debug|x64
		{90508147-CC86-40C9-9B24-F54AB2E758EE}.Debug|x86.ActiveCfg = Debug|Win32
		{90508147-CC86-40C9-9B24-F54AB2E758EE}.Debug|x86.Build.0 = Debug|Win32
		{90508147-CC86-40C9-9B24-F54AB2E758EE}.Release|x64.ActiveCfg = Release|x64
		{90508147-CC86-40C9-9B24-F54AB2E758EE}.Release|x64.Build.0 = Release|x64
		{90508147-CC86-40C9-9B24-F54AB2E758EE}.Release|x86.ActiveCfg = Release|Win32
		{90508147-CC86-40C9-9B24-F54AB2E758EE}.Release|x86.Build.0 = Release|Win32
		{C7456DE3-54C9-4699-8F82-9AB90F24290F}.Debug|x64.ActiveCfg = Debug|x64
		{C7456DE3-54C9-4699-8F82-9AB90F24290F}.Debug|x64.Build.0 = Debug|x64
		{C7456DE3-54C9-4699-8F82-9AB90F24290F}.Debug|x86.ActiveCfg = Debug|Win32
		{C7456DE3-54C9-4699-8F82-9AB90F24290F}.Debug|x86.Build.0 = Debug|Win32
		{C7456DE3-54C9-4699-8F82-9AB90F24290F}.Release|x64.ActiveCfg = Release|x64
		{C7456DE3-54C9-4699-8F82-9AB90F24290F}.Release|x64.Build.0 = Release|x64
		{C7456DE3-54C9-4699-8F82-9AB90F24290F}.Release|x86.ActiveCfg = Release|Win32
		{C7456DE3-54C9-4699-8F82-9AB90F24290F}.Release|x86.Build.0 = Release|Win32
		{AABAFC32-4099-4550-9AF4-8733DF21368A}.Debug|x64.ActiveCfg = Debug|x64
		{AABAFC32-4099-4550-9AF4-8733DF21368A}.Debug|x64.Build.0 = Debug|x64
		{AABAFC32-4099-4550-9AF4-8733DF21368A}.Debug|x86.ActiveCfg = Debug|Win32
		{AABAFC32-4099-4550-9AF4-8733DF21368A}.Debug|x86.Build.0 = Debug|Win32
		{AABAFC32-4099-4550-9AF4-8733DF21368A}.Release|x64.ActiveCfg = Release|x64
		{AABAFC32-4099-4550-9AF4-8733DF21368A}.Release|x64.Build.0 = Release|x64
		{AABAFC32-4099-4550-9AF4-8733DF21368A}.Release|x86.ActiveCfg = Release|Win32
		{AABAFC32-4099-4550-9AF4-8733DF21368A}.Release|x86.Build.0 = Release|Win32
		{351FDBE9-07FE-4A93-BE10-AE674746C7B9}.Debug|x64.ActiveCfg = Debug|x64
		{351FDBE9-07FE-4A93-BE10-AE674746C7B9}.Debug|x64.Build.0 = Debug|x64
		{351FDBE9-07FE-4A93-BE10-AE674746C7B9}.Debug|x86.ActiveCfg = Debug|Win32
		{351FDBE9-07FE-4A93-BE10-AE674746C7B9}.Debug|x86.Build.0 = Debug|Win32
		{351FDBE9-07FE-4A93-BE10-AE674746C7B9}.Release|x64.ActiveCfg = Release|x64
		{351FDBE9-07FE-4A93-BE10-AE674746C7B9}.Release|x64.Build.0 = Release|x64
		{351FDBE9-07FE-4A93-BE10-AE674746C7B9}.Release|x86.ActiveCfg = Release|Win32
		{351FDBE9-07FE-4A93-BE10-AE674746C7B9}.Release|x86.Build.0 = Release|Win32
		{5F73B384-F6CB-4DA1-8A5F-CB4DDE4A02F7}.Debug|x64.ActiveCfg = Debug|x64
		{5F73B384-F6CB-4DA1-8A5F-CB4DDE4A02F7}.Debug|x64.Build.0 = Debug|x64
		{5F73B384-F6CB-4DA1-8A5F-CB4DDE4A02F7}.Debug|x86.ActiveCfg = Debug|Win32
		{5F73B384-F6CB-4DA1-8A5F-CB4DDE4A02F7}.Debug|x86.Build.0 = Debug|Win32
		{5F73B384-F6CB-4DA1-8A5F-CB4DDE4A02F7}.Release|x64.ActiveCfg = Release|x64
		{5F73B384-F6CB-4DA1-8A5F-CB4DDE4A02F7}.Release|x64.Build.0 = Release|x64
		{5F73B384-F6CB-4DA1-8A5F-CB4DDE4A02F7}.Release|x86.ActiveCfg = Release|Win32
		{5F73B384-F6CB-4DA1-8A5F-CB4DDE4A02F7}.Release|x86.Build.0 = Release|Win32
		{EB936C51-6808-4FCE-A4E8-C125726D3F88}.Debug|x64.ActiveCfg = Debug|x64
		{EB936C51-6808-4FCE-A4E8-C125726D3F88}.Debug|x64.Build.0 = Debug|x64
		{EB936C51-6808-4FCE-A4E8-C125726D3F88}.Debug|x86.ActiveCfg = Debug|Win32
		{EB936C51-6808-4FCE-A4E8-C125726D3F88}.Debug|x86.Build.0 = Debug|Win32
		{EB936C51-6808-4FCE-A4E8-C125726D3F88}.Release|x64.ActiveCfg = Release|x64
		{EB936C51-6808-4FCE-A4E8-C125726D3F88}.Release|x64.Build.0 = Release|x64
		{EB936C51-6808-4FCE-A4E8-C125726D3F88}.Release|x86.ActiveCfg = Release|Win32
		{EB936C51-6808-4FCE-A4E8-C125726D3F88}.Release|x86.Build.0 = Release|Win32
		{917D97F7-58D2-4C87-BE18-8E3C3B89564E}.Debug|x64.ActiveCfg = Debug|x64
		{917D97F7-58D2-4C87-BE18-8E3C3B89564E}.Debug|x64.Build.0 = Debug|x64
		{917D97F7-58D2-4C87-BE18-8E3C3B89564E}.Debug|x86.ActiveCfg = Debug|Win32
		{917D97F7-58D2-4C87-BE18-8E3C3B89564E}.Debug|x86.Build.0 = Debug|Win32
		{917D97F7-58D2-4C87-BE18-8E3C3B89564E}.Release|x64.ActiveCfg = Release|x64
		{917D97F7-58D2-4C87-BE18-8E3C3B89564E}.Release|x64.Build.0 = Release|x64
		{917D97F7-58D2-4C87-BE18-8E3C3B89564E}.Release|x86.ActiveCfg = Release|Win32
		{917D97F7-58D2-4C87-BE18-8E3C3B89564E}.Release|x86.Build.0 = Release|Win32
		{A118F40C-2859-4A43-B3FB-DE2951BE07B6}.Debug|x64.ActiveCfg = Debug|x64
		{A118F40C-2859-4A43-B3FB-DE2951BE07B6}.Debug|x64.Build.0 = Debug|x64
		{A118F40C-2859-4A43-B3FB-DE2951BE07B6}.Debug|x86.ActiveCfg = Debug|Win32
		{A118F40C-2859-4A43-B3FB-DE2951BE07B6}.Debug|x86.Build.0 = Debug|Win32
		{A118F40C-2859-4A43-B3FB-DE2951BE07B6}.Release|x64.ActiveCfg = Release|x64
		{A118F40C-2859-4A43-B3FB-DE2951BE07B6}.Release|x64.Build.0 = Release|x64
		{A118F40C-2859-4A43-B3FB-DE2951BE07B6}.Release|x86.ActiveCfg = Release|Win32
		{A118F40C-2859-4A43-B3FB-DE2951BE07B6}.Release|x86.Build.0 = Release|Win32
		{64264699-9871-4E9D-8603-EEF09BED413B}.Debug|x64.ActiveCfg = Debug|x64
		{64264699-9871-4E9D-8603-EEF09BED413B}.Debug|x64.Build.0 = Debug|x64
		{64264699-9871-4E9D-8603-EEF09BED413B}.Debug|x86.ActiveCfg = Debug|Win32
		{64264699-9871-4E9D-8603-EEF09BED413B}.Debug|x86.Build.0 = Debug|Win32
		{64264699-9871-4E9D-8603-EEF09BED413B}.Release|x64.ActiveCfg = Release|x64
		{64264699-9871-4E9D-8603-EEF09BED413B}.Release|x64.Build.0 = Release|x64
		{64264699-9871-4E9D-8603-EEF09BED413B}.Release|x86.ActiveCfg = Release|Win32
		{64264699-9871-4E9D-8603-EEF09BED413B}.Release|x86.Build.0 = Release|Win32
		{4E123690-AD0F-4047-B19D-EEDDA7CF8A7E}.Debug|x64.ActiveCfg = Debug|x64
		{4E123690-AD0F-4047-B19D-EEDDA7CF8A7E}.Debug|x64.Build.0 = Debug|x64
		{4E123690-AD0F-4047-B19D-EEDDA7CF8A7E}.Debug|x86.ActiveCfg = Debug|Win32
		{4E123690-AD0F-4047-B19D-EEDDA7CF8A7E}.Debug|x86.Build.0 = Debug|Win32
		{4E123690-AD0F-4047-B19D-EEDDA7CF8A7E}.Release|x64.ActiveCfg = Release|x64
		{4E123690-AD0F-4047-B19D-EEDDA7CF8A7E}.Release|x64.Build.0 = Release|x64
		{4E123690-AD0F-4047-B19D-EEDDA7CF8A7E}.Release|x86.ActiveCfg = Release|Win32
		{4E123690-AD0F-4047-B19D-EEDDA7CF8A7E}.Release|x86.Build.0 = Release|Win32
		{183B608E-ED69-4FA9-BC3C-5F23B95742BA}.Debug|x64.ActiveCfg = Debug|x64
		{183B608E-ED69-4FA9-BC3C-5F23B95742BA}.Debug|x64.Build.0 = Debug|x64
		{183B608E-ED69-4FA9-BC3C-5F23B95742BA}.Debug|x86.ActiveCfg = Debug|Win32
		{183B608E-ED69-4FA9-BC3C-5F23B95742BA}.Debug|x86.Build.0 = Debug|Win32
		{183B608E-ED69-4FA9-BC3C-5F23B95742BA}.Release|x64.ActiveCfg = Release|x64
		{183B608E-ED69-4FA9-BC3C-5F23B95742BA}.Release|x64.Build.0 = Release|x64
		{183B608E-ED69-4FA9-BC3C-5F23B95742BA}.Release|x86.ActiveCfg = Release|Win32
		{183B608E-ED69-4FA9-BC3C-5F23B95742BA}.Release|x86.Build.0 = Release|Win32
		{7B0AF5BB-C71B-4526-8755-9F7BFF5B6AA5}.Debug|x64.ActiveCfg = Debug|x64
		{7B0AF5BB-C71B-4526-8755-9F7BFF5B6AA5}.Debug|x64.Build.0 = Debug|x64
		{7B0AF5BB-C71B-4526-8755-9F7BFF5B6AA5}.Debug|x86.ActiveCfg = Debug|Win32
		{7B0AF5BB-C71B-4526-8755-9F7BFF5B6AA5}.Debug|x86.Build.0 = Debug|Win32
		{7B0AF5BB-C71B-4526-8755-9F7BFF5B6AA5}.Release|x64.ActiveCfg = Release|x64
		{7B0AF5BB-C71B-4526-8755-9F7BFF5B6AA5}.Release|x64.Build.0 = Release|x64
		{7B0AF5BB-C71B-4526-8755-9F7BFF5B6AA5}.Release|x86.ActiveCfg = Release|Win32
		{7B0AF5BB-C71B-4526-8755-9F7BFF5B6AA5}.Release|x86.Build.0 = Release|Win32
		{3B3C0A1B-AAE5-49DB-B961-5A0DD5FF9B1B}.Debug|x64.ActiveCfg = Debug|x64
		{3B3C0A1B-AAE5-49DB-B961-5A0DD5FF9B1B}.Debug|x64.Build.0 = Debug|x64
		{3B3C0A1B-AAE5-49DB-B961-5A0DD5FF9B1B}.Debug|x86.ActiveCfg = Debug|Win32
		{3B3C0A1B-AAE5-49DB-B961-5A0DD5FF9B1B}.Debug|x86.Build.0 = Debug|Win32
		{3B3C0A1B-AAE5-49DB-B961-5A0DD5FF9B1B}.Release|x64.ActiveCfg = Release|x64
		{3B3C0A1B-AAE5-49DB-B961-5A0DD5FF9B1B}.Release|x64.Build.0 = Release|x64
		{3B3C0A1B-AAE5-49DB-B961-5A0DD5FF9B1B}.Release|x86.ActiveCfg = Release|Win32
		{3B3C0A1B-AAE5-49DB-B961-5A0DD5FF9B1B}.Release|x86.Build.0 = Release|Win32
		{B98DBBD3-BAD4-44CF-B1FA-3520AA6B1577}.Debug|x64.ActiveCfg = Debug|x64
		{B98DBBD3-BAD4-44CF-B1FA-3520AA6B1577}.Debug|x64.Build.0 = Debug|x64
		{B98DBBD3-BAD4-44CF-B1FA-3520AA6B1577}.Debug|x86.ActiveCfg = Debug|Win32
		{B98DBBD3-BAD4-44CF-B1FA-3520AA6B1577}.Debug|x86.Build.0 = Debug|Win32
		{B98DBBD3-BAD4-44CF-B1FA-3520AA6B1577}.Release|x64.ActiveCfg = Release|x64
		{B98DBBD3-BAD4-44CF-B1FA-3520AA6B1577}.Release|x64.Build.0 = Release|x64
		{B98DBBD3-BAD4-44CF-B1FA-3520AA6B1577}.Release|x86.ActiveCfg = Release|Win32
		{B98DBBD3-BAD4-44CF-B1FA-3520AA6B1577}.Release|x86.Build.0 = Release|Win32
		{45D1CA9A-8359-4F2A-B50E-A7AD09987645}.Debug|x64.ActiveCfg = Debug|x64
		{45D1CA9A-8359-4F2A-B50E-A7AD09987645}.Debug|x64.Build.0 = Debug|x64
		{45D1CA9A-8359-4F2A-B50E-A7AD09987645}.Debug|x86.ActiveCfg = Debug|Win32
		{45D1CA9A-8359-4F2A-B50E-A7AD09987645}.Debug|x86.Build.0 = Debug|Win32
		{45D1CA9A-8359-4F2A-B50E-A7AD09987645}.Release|x64.ActiveCfg = Release|x64
		{45D1CA9A-8359-4F2A-B50E-A7AD09987645}.Release|x64.Build.0 = Release|x64
		{45D1CA9A-8359-4F2A-B50E-A7AD09987645}.Release|x86.ActiveCfg = Release|Win32
		{45D1CA9A-8359-4F2A-B50E-A7AD09987645}.Release|x86.Build.0 = Release|Win32
		{F7C16DE5-0F5A-42EC-8A1A-3F137F6C7791}.Debug|x64.ActiveCfg = Debug|x64
		{F7C16DE5-0F5A-42EC-8A1A-3F137F6C7791}.Debug|x64.Build.0 = Debug|x64
		{F7C16DE5-0F5A-42EC-8A1A-3F137F6C7791}.Debug|x86.ActiveCfg = Debug|Win32
		{F7C16DE5-0F5A-42EC-8A1A-3F137F6C7791}.Debug|x86.Build.0 = Debug|Win32
		{F7C16DE5-0F5A-42EC-8A1A-3F137F6C7791}.Release|x64.ActiveCfg = Release|x64
		{F7C16DE5-0F5A-42EC-8A1A-3F137F6C7791}.Release|x64.Build.0 = Release|x64
		{F7C16DE5-0F5A-42EC-8A1A-3F137F6C7791}.Release|x86.ActiveCfg = Release|Win32
		{F7C16DE5-0F5A-42EC-8A1A-3F137F6C7791}.Release|x86.Build.0 = Release|Win32
		{1DE77FD3-134C-4122-970B-7BBE58CCF2C0}.Debug|x64.ActiveCfg = Debug|x64
		{1DE77FD3-134C-4122-970B-7BBE58CCF2C0}.Debug|x64.Build.0 = Debug|x64
		{1DE77FD3-134C-4122-970B-7BBE58CCF2C0}.Debug|x86.ActiveCfg = Debug|Win32
		{1DE77FD3-134C-4122-970B-7BBE58CCF2C0}.Debug|x86.Build.0 = Debug|Win32
		{1DE77FD3-134C-4122-970B-7BBE58CCF2C0}.Release|x64.ActiveCfg = Release|x64
		{1DE77FD3-134C-4122-970B-7BBE58CCF2C0}.Release|x64.Build.0 = Release|x64
		{1DE77FD3-134C-4122-970B-7BBE58CCF2C0}.Release|x86.ActiveCfg = Release|Win32
		{1DE77FD3-134C-4122-970B-7BBE58CCF2C0}.Release|x86.Build.0 = Release|Win32
		{DE03C6B7-E1C3-4370-991F-0B95599EC4D1}.Debug|x64.ActiveCfg = Debug|x64
		{DE03C6B7-E1C3-4370-991F-0B95599EC4D1}.Debug|x64.Build.0 = Debug|x64
		{DE03C6B7-E1C3-4370-991F-0B95599EC4D1}.Debug|x86.ActiveCfg = Debug|Win32
		{DE03C6B7-E1C3-4370-991F-0B95599EC4D1}.Debug|x86.Build.0 = Debug|Win32
		{DE03C6B7-E1C3-4370-991F-0B95599EC4D1}.Release|x64.ActiveCfg = Release|x64
		{DE03C6B7-E1C3-4370-991F-0B95599EC4D1}.Release|x64.Build.0 = Release|x64
		{DE03C6B7-E1C3-4370-991F-0B95599EC4D1}.Release|x86.ActiveCfg = Release|Win32
		{DE03C6B7-E1C3-4370-991F-0B95599EC4D1}.Release|x86.Build.0 = Release|Win32
		{A1E7DA9C-78EE-4026-A86F-EFB0C61DB2DA}.Debug|x64.ActiveCfg = Debug|x64
		{A1E7DA9C-78EE-4026-A86F-EFB0C61DB2DA}.Debug|x64.Build.0 = Debug|x64
		{A1E7DA9C-78EE-4026-A86F-EFB0C61DB2DA}.Debug|x86.ActiveCfg = Debug|Win32
		{A1E7DA9C-78EE-4026-A86F-EFB0C61DB2DA}.Debug|x86.Build.0 = Debug|Win32
		{A1E7DA9C-78EE-4026-A86F-EFB0C61DB2DA}.Release|x64.ActiveCfg = Release|x64
		{A1E7DA9C-78EE-4026-A86F-EFB0C61DB2DA}.Release|x64.Build.0 = Release|x64
		{A1E7DA9C-78EE-4026-A86F-EFB0C61DB2DA}.Release|x86.ActiveCfg = Release|Win32
		{A1E7DA9C-78EE-4026-A86F-EFB0C61DB2DA}.Release|x86.Build.0 = Release|Win32
		{146B8D39-E661-4723-B512-43EB1ED4B912}.Debug|x64.ActiveCfg = Debug|x64
		{146B8D39-E661-4723-B512-43EB1ED4B912}.Debug|x64.Build.0 = Debug|x64
		{146B8D39-E661-4723-B512-43EB1ED4B912}.Debug|x86.ActiveCfg = Debug|Win32
		{146B8D39-E661-4723-B512-43EB1ED4B912}.Debug|x86.Build.0 = Debug|Win32
		{146B8D39-E661-4723-B512-43EB1ED4B912}.Release|x64.ActiveCfg = Release|x64
		{146B8D39-E661-4723-B512-43EB1ED4B912}.Release|x64.Build.0 = Release|x64
		{146B8D39-E661-4723-B512-43EB1ED4B912}.Release|x86.ActiveCfg = Release|Win32
		{146B8D39-E661-4723-B512-43EB1ED4B912}.Release|x86.Build.0 = Release|Win32
		{7B6681E1-90C8-4A5D-B550-5087130C70A4}.Debug|x64.ActiveCfg = Debug|x64
		{7B6681E1-90C8-4A5D-B550-5087130C70A4}.Debug|x64.Build.0 = Debug|x64
		{7B6681E1-90C8-4A5D-B550-5087130C70A4}.Debug|x86.ActiveCfg = Debug|Win32
		{7B6681E1-90C8-4A5D-B550-5087130C70A4}.Debug|x86.Build.0 = Debug|Win32
		{7B6681E1-90C8-4A5D-B550-5087130C70A4}.Release|x64.ActiveCfg = Release|x64
		{7B6681E1-90C8-4A5D-B550-5087130C70A4}.Release|x64.Build.0 = Release|x64
		{7B6681E1-90C8-4A5D-B550-5087130C70A4}.Release|x86.ActiveCfg = Release|Win32
		{7B6681E1-90C8-4A5D-B550-5087130C70A4}.Release|x86.Build.0 = Release|Win32
		{1D5D8E95-4575-4392-B166-CB8475E76690}.Debug|x64.ActiveCfg = Debug|x64
		{1D5D8E95-4575-4392-B166-CB8475E76690}.Debug|x64.Build.0 = Debug|x64
		{1D5D8E95-4575-4392-B166-CB8475E76690}.Debug|x86.ActiveCfg = Debug|Win32
		{1D5D8E95-4575-4392-B166-CB8475E76690}.Debug|x86.Build.0 = Debug|Win32
		{1D5D8E95-4575-4392-B166-CB8475E76690}.Release|x64.ActiveCfg = Release|x64
		{1D5D8E95-4575-4392-B166-CB8475E76690}.Release|x64.Build.0 = Release|x64
		{1D5D8E95-4575-4392-B166-CB8475E76690}.Release|x86.ActiveCfg = Release|Win32
		{1D5D8E95-4575-4392-B166-CB8475E76690}.Release|x86.Build.0 = Release|Win32
		{5F4E8F7D-0E03-4AEE-BD39-3D3B44314B2F}.Debug|x64.ActiveCfg = Debug|x64
		{5F4E8F7D-0E03-4AEE-BD39-3D3B44314B2F}.Debug|x64.Build.0 = Debug|x64
		{5F4E8F7D-0E03-4AEE-BD39-3D3B44314B2F}.Debug|x86.ActiveCfg = Debug|Win32
		{5F4E8F7D-0E03-4AEE-BD39-3D3B44314B2F}.Debug|x86.Build.0 = Debug|Win32
		{5F4E8F7D-0E03-4AEE-BD39-3D3B44314B2F}.Release|x64.ActiveCfg = Release|x64
		{5F4E8F7D-0E03-4AEE-BD39-3D3B44314B2F}.Release|x64.Build.0 = Release|x64
		{5F4E8F7D-0E03-4AEE-BD39-3D3B44314B2F}.Release|x86.ActiveCfg = Release|Win32
		{5F4E8F7D-0E03-4AEE-BD39-3D3B44314B2F}.Release|x86.Build.0 = Release|Win32
		{1D955E05-D04B-415D-8BD8-7787EDF95DB6}.Debug|x64.ActiveCfg = Debug|x64
		{1D955E05-D04B-415D-8BD8-7787EDF95DB6}.Debug|x64.Build.0 = Debug|x64
		{1D955E05-D04B-415D-8BD8-7787EDF95DB6}.Debug|x86.ActiveCfg = Debug|Win32
		{1D955E05-D04B-415D-8BD8-7787EDF95DB6}.Debug|x86.Build.0 = Debug|Win32
		{1D955E05-D04B-415D-8BD8-7787EDF95DB6}.Release|x64.ActiveCfg = Release|x64
		{1D955E05-D04B-415D-8BD8-7787EDF95DB6}.Release|x64.Build.0 = Release|x64
		{1D955E05-D04B-415D-8BD8-7787EDF95DB6}.Release|x86.ActiveCfg = Release|Win32
		{1D955E05-D04B-415D-8BD8-7787EDF95DB6}.Release|x86.Build.0 = Release|Win32
		{6D6B925D-8035-4CAE-A684-DAC2137ABC78}.Debug|x64.ActiveCfg = Debug|x64
		{6D6B925D-8035-4CAE-A684-DAC2137ABC78}.Debug|x64.Build.0 = Debug|x64
		{6D6B925D-8035-4CAE-A684-DAC2137ABC78}.Debug|x86.ActiveCfg = Debug|Win32
		{6D6B925D-8035-4CAE-A684-DAC2137ABC78}.Debug|x86.Build.0 = Debug|Win32
		{6D6B925D-8035-4CAE-A684-DAC2137ABC78}.Release|x64.ActiveCfg = Release|x64
		{6D6B925D-8035-4CAE-A684-DAC2137ABC78}.Release|x64.Build.0 = Release|x64
		{6D6B925D-8035-4CAE-A684-DAC2137ABC78}.Release|x86.ActiveCfg = Release|Win32
		{6D6B925D-8035-4CAE-A684-DAC2137ABC78}.Release|x86.Build.0 = Release|Win32
		{2AC7C5A8-87C2-4FF7-B66E-8B8A3C8D0DD0}.Debug|x64.ActiveCfg = Debug|x64
		{2AC7C5A8-87C2-4FF7-B66E-8B8A3C8D0DD0}.Debug|x64.Build.0 = Debug|x64
		{2AC7C5A8-87C2-4FF7-B66E-8B8A3C8D0DD0}.Debug|x86.ActiveCfg = Debug|Win32
		{2AC7C5A8-87C2-4FF7-B66E-8B8A3C8D0DD0}.Debug|x86.Build.0 = Debug|Win32
		{2AC7C5A8-87C2-4FF7-B66E-8B8A3C8D0DD0}.Release|x64.ActiveCfg = Release|x64
		{2AC7C5A8-87C2-4FF7-B66E-8B8A3C8D0DD0}.Release|x64.Build.0 = Release|x64
		{2AC7C5A8-87C2-4FF7-B66E-8B8A3C8D0DD0}.Release|x86.ActiveCfg = Release|Win32
		{2AC7C5A8-87C2-4FF7-B66E-8B8A3C8D0DD0}.Release|x86.Build.0 = Release|Win32
		{25140A89-70E5-4282-A8CF-63EE0BD4920F}.Debug|x64.ActiveCfg = Debug|x64
		{25140A89-70E5-4282-A8CF-63EE0BD4920F}.Debug|x64.Build.0 = Debug|x64
		{25140A89-70E5-4282-A8CF-63EE0BD4920F}.Debug|x86.ActiveCfg = Debug|Win32
		{25140A89-70E5-4282-A8CF-63EE0BD4920F}.Debug|x86.Build.0 = Debug|Win32
		{25140A89-70E5-4282-A8CF-63EE0BD4920F}.Release|x64.ActiveCfg = Release|x64
		{25140A89-70E5-4282-A8CF-63EE0BD4920F}.Release|x64.Build.0 = Release|x64
		{25140A89-70E5-4282-A8CF-63EE0BD4920F}.Release|x86.ActiveCfg = Release|Win32
		{25140A89-70E5-4282-A8CF-63EE0BD4920F}.Release|x86.Build.0 = Release|Win32
		{91FC88D6-C1A6-4C12-8FF3-798C26958909}.Debug|x64.ActiveCfg = Debug|x64
		{91FC88D6-C1A6-4C12-8FF3-798C26958909}.Debug|x64.Build.0 = Debug|x64
		{91FC88D6-C1A6-4C12-8FF3-798C26958909}.Debug|x86.ActiveCfg = Debug|Win32
		{91FC88D6-C1A6-4C12-8FF3-798C26958909}.Debug|x86.Build.0 = Debug|Win32
		{91FC88D6-C1A6-4C12-8FF3-798C26958909}.Release|x64.ActiveCfg = Release|x64
		{91FC88D6-C1A6-4C12-8FF3-798C26958909}.Release|x64.Build.0 = Release|x64
		{91FC88D6-C1A6-4C12-8FF3-798C26958909}.Release|x86.ActiveCfg = Release|Win32
		{91FC88D6-C1A6-4C12-8FF3-798C26958909}.Release|x86.Build.0 = Release|Win32
		{ED0EA436-EB50-4A4F-A5BC-C225705823A9}.Debug|x64.ActiveCfg = Debug|x64
		{ED0EA436-EB50-4A4F-A5BC-C225705823A9}.Debug|x64.Build.0 = Debug|x64
		{ED0EA436-EB50-4A4F-A5BC-C225705823A9}.Debug|x86.ActiveCfg = Debug|Win32
		{ED0EA436-EB50-4A4F-A5BC-C225705823A9}.Debug|x86.Build.0 = Debug|Win32
		{ED0EA436-EB50-4A4F-A5BC-C225705823A9}.Release|x64.ActiveCfg = Release|x64
		{ED0EA436-EB50-4A4F-A5BC-C225705823A9}.Release|x64.Build.0 = Release|x64
		{ED0EA436-EB50-4A4F-A5BC-C225705823A9}.Release|x86.ActiveCfg = Release|Win32
		{ED0EA436-EB50-4A4F-A5BC-C225705823A9}.Release|x86.Build.0 = Release|Win32
		{21B1A673-BD37-4C5A-A9C5-33D811F203B3}.Debug|x64.ActiveCfg = Debug|x64
		{21B1A673-BD37-4C5A-A9C5-33D811F203B3}.Debug|x64.Build.0 = Debug|x64
		{21B1A673-BD37-4C5A-A9C5-33D811F203B3}.Debug|x86.ActiveCfg = Debug|Win32
		{21B1A673-BD37-4C5A-A9C5-33D811F203B3}.Debug|x86.Build.0 = Debug|Win32
		{21B1A673-BD37-4C5A-A9C5-33D811F203B3}.Release|x64.ActiveCfg = Release|x64
		{21B1A673-BD37-4C5A-A9C5-33D811F203B3}.Release|x64.Build.0 = Release|x64
		{21B1A673-BD37-4C5A-A9C5-33D811F203B3}.Release|x86.ActiveCfg = Release|Win32
		{21B1A673-BD37-4C5A-A9C5-33D811F203B3}.Release|x86.Build.0 = Release|Win32
		{9A4740AF-887D-46F1-83A7-EE5D1CBA5361}.Debug|x64.ActiveCfg = Debug|x64
		{9A4740AF-887D-46F1-83A7-EE5D1CBA5361}.Debug|x64.Build.0 = Debug|x64
		{9A4740AF-887D-46F1-83A7-EE5D1CBA5361}.Debug|x86.ActiveCfg = Debug|Win32
		{9A4740AF-887D-46F1-83A7-EE5D1CBA5361}.Debug|x86.Build.0 = Debug|Win32
		{9A4740AF-887D-46F1-83A7-EE5D1CBA5361}.Release|x64.ActiveCfg = Release|x64
		{9A4740AF-887D-46F1-83A7-EE5D1CBA5361}.Release|x64.Build.0 = Release|x64
		{9A4740AF-887D-46F1-83A7-EE5D1CBA5361}.Release|x86.ActiveCfg = Release|Win32
		{9A4740AF-887D-46F1-83A7-EE5D1CBA5361}.Release|x86.Build.0 = Release|Win32
		{AD1ECB2E-240C-4D92-941C-07ABE7D4B3B6}.Debug|x64.ActiveCfg = Debug|x64
		{AD1ECB2E-240C-4D92-941C-07ABE7D4B3B6}.Debug|x64.Build.0 = Debug|x64
		{AD1ECB2E-240C-4D92-941C-07ABE7D4B3B6}.Debug|x86.ActiveCfg = Debug|Win32
		{AD1ECB2E-240C-4D92-941C-07ABE7D4B3B6}.Debug|x86.Build.0 = Debug|Win32
		{AD1ECB2E-240C-4D92-941C-07ABE7D4B3B6}.Release|x64.ActiveCfg = Release|x64
		{AD1ECB2E-240C-4D92-941C-07ABE7D4B3B6}.Release|x64.Build.0 = Release|x64
		{AD1ECB2E-240C-4D92-941C-07ABE7D4B3B6}.Release|x86.ActiveCfg = Release|Win32
		{AD1ECB2E-240C-4D92-941C-07ABE7D4B3B6}.Release|x86.Build.0 = Release|Win32
		{0ABBCDB1-EB8F-4614-B443-F2E94AC32BB3}.Debug|x64.ActiveCfg = Debug|x64
		{0ABBCDB1-EB8F-4614-B443-F2E94AC32BB3}.Debug|x64.Build.0 = Debug|x64
		{0ABBCDB1-EB8F-4614-B443-F2E94AC32BB3}.Debug|x86.ActiveCfg = Debug|Win32
		{0ABBCDB1-EB8F-4614-B443-F2E94AC32BB3}.Debug|x86.Build.0 = Debug|Win32
		{0ABBCDB1-EB8F-4614-B443-F2E94AC32BB3}.Release|x64.ActiveCfg = Release|x64
		{0ABBCDB1-EB8F-4614-B443-F2E94AC32BB3}.Release|x64.Build.0 = Release|x64
		{0ABBCDB1-EB8F-4614-B443-F2E94AC32BB3}.Release|x86.ActiveCfg = Release|Win32
		{0ABBCDB1-EB8F-4614-B443-F2E94AC32BB3}.Release|x86.Build.0 = Release|Win32
		{91814D97-600E-4FBF-BCAE-11E49B5357FD}.Debug|x64.ActiveCfg = Debug|x64
		{91814D97-600E-4FBF-BCAE-11E49B5357FD}.Debug|x64.Build.0 = Debug|x64
		{91814D97-600E-4FBF-BCAE-11E49B5357FD}.Debug|x86.ActiveCfg = Debug|Win32
		{91814D97-600E-4FBF-BCAE-11E49B5357FD}.Debug|x86.Build.0 = Debug|Win32
		{91814D97-600E-4FBF-BCAE-11E49B5357FD}.Release|x64.ActiveCfg = Release|x64
		{91814D97-600E-4FBF-BCAE-11E49B5357FD}.Release|x64.Build.0 = Release|x64
		{91814D97-600E-4FBF-BCAE-11E49B5357FD}.Release|x86.ActiveCfg = Release|Win32
		{91814D97-600E-4FBF-BCAE-11E49B5357FD}.Release|x86.Build.0 = Release|Win32
		{51B55312-3586-499E-A6F7-EB0408C5B5FE}.Debug|x64.ActiveCfg = Debug|x64
		{51B55312-3586-499E-A6F7-EB0408C5B5FE}.Debug|x64.Build.0 = Debug|x64
		{51B55312-3586-499E-A6F7-EB0408C5B5FE}.Debug|x86.ActiveCfg = Debug|Win32
		{51B55312-3586-499E-A6F7-EB0408C5B5FE}.Debug|x86.Build.0 = Debug|Win32
		{51B55312-3586-499E-A6F7-EB0408C5B5FE}.Release|x64.ActiveCfg = Release|x64
		{51B55312-3586-499E-A6F7-EB0408C5B5FE}.Release|x64.Build.0 = Release|x64
		{51B55312-3586-499E-A6F7-EB0408C5B5FE}.Release|x86.ActiveCfg = Release|Win32
		{51B55312-3586-499E-A6F7-EB0408C5B5FE}.Release|x86.Build.0 = Release|Win32
		{37414A11-73A0-4F37-A5B3-11B3AE554B61}.Debug|x64.ActiveCfg = Debug|x64
		{37414A11-73A0-4F37-A5B3-11B3AE554B61}.Debug|x64.Build.0 = Debug|x64
		{37414A11-73A0-4F37-A5B3-11B3AE554B61}.Debug|x86.ActiveCfg = Debug|Win32
		{37414A11-73A0-4F37-A5B3-11B3AE554B61}.Debug|x86.Build.0 = Debug|Win32
		{37414A11-73A0-4F37-A5B3-11B3AE554B61}.Release|x64.ActiveCfg = Release|x64
		{37414A11-73A0-4F37-A5B3-11B3AE554B61}.Release|x64.Build.0 = Release|x64
		{37414A11-73A0-4F37-A5B3-11B3AE554B61}.Release|x86.ActiveCfg = Release|Win32
		{37414A11-73A0-4F37-A5B3-11B3AE554B61}.Release|x86.Build.0 = Release|Win32
		{90637602-17E5-4D5E-8E27-BBC4E1AEB9D9}.Debug|x64.ActiveCfg = Debug|x64
		{90637602-17E5-4D5E-8E27-BBC4E1AEB9D9}.Debug|x64.Build.0 = Debug|x64
		{90637602-17E5-4D5E-8E27-BBC4E1AEB9D9}.Debug|x86.ActiveCfg = Debug|Win32
		{90637602-17E5-4D5E-8E27-BBC4E1AEB9D9}.Debug|x86.Build.0 = Debug|Win32
		{90637602-17E5-4D5E-8E27-BBC4E1AEB9D9}.Release|x64.ActiveCfg = Release|x64
		{90637602-17E5-4D5E-8E27-BBC4E1AEB9D9}.Release|x64.Build.0 = Release|x64
		{90637602-17E5-4D5E-8E27-BBC4E1AEB9D9}.Release|x86.ActiveCfg = Release|Win32
		{90637602-17E5-4D5E-8E27-BBC4E1AEB9D9}.Release|x86.Build.0 = Release|Win32
		{96601FBF-1783-4254-B961-F3B2A1651F36}.Debug|x64.ActiveCfg = Debug|x64
		{96601FBF-1783-4254-B961-F3B2A1651F36}.Debug|x64.Build.0 = Debug|x64
		{96601FBF-1783-4254-B961-F3B2A1651F36}.Debug|x86.ActiveCfg = Debug|Win32
		{96601FBF-1783-4254-B961-F3B2A1651F36}.Debug|x86.Build.0 = Debug|Win32
		{96601FBF-1783-4254-B961-F3B2A1651F36}.Release|x64.ActiveCfg = Release|x64
		{96601FBF-1783-4254-B961-F3B2A1651F36}.Release|x64.Build.0 = Release|x64
		{96601FBF-1783-4254-B961-F3B2A1651F36}.Release|x86.ActiveCfg = Release|Win32
		{96601FBF-1783-4254-B961-F3B2A1651F36}.Release|x86.Build.0 = Release|Win32
		{32D6A23B-9BAF-48C3-A57A-2A8FB1AF6CEF}.Debug|x64.ActiveCfg = Debug|x64
		{32D6A23B-9BAF-48C3-A57A-2A8FB1AF6CEF}.Debug|x64.Build.0 = Debug|x64
		{32D6A23B-9BAF-48C3-A57A-2A8FB1AF6CEF}.Debug|x86.ActiveCfg = Debug|Win32
		{32D6A23B-9BAF-48C3-A57A-2A8FB1AF6CEF}.Debug|x86.Build.0 = Debug|Win32
		{32D6A23B-9BAF-48C3-A57A-2A8FB1AF6CEF}.Release|x64.ActiveCfg = Release|x64
		{32D6A23B-9BAF-48C3-A57A-2A8FB1AF6CEF}.Release|x64.Build.0 = Release|x64
		{32D6A23B-9BAF-48C3-A57A-2A8FB1AF6CEF}.Release|x86.ActiveCfg = Release|Win32
		{32D6A23B-9BAF-48C3-A57A-2A8FB1AF6CEF}.Release|x86.Build.0 = Release|Win32
		{3071D830-8092-4357-9BA5-78C540A2FB58}.Debug|x64.ActiveCfg = Debug|x64
		{3071D830-8092-4357-9BA5-78C540A2FB58}.Debug|x64.Build.0 = Debug|x64
		{3071D830-8092-4357-9BA5-78C540A2FB58}.Debug|x86.ActiveCfg = Debug|Win32
		{3071D830-8092-4357-9BA5-78C540A2FB58}.Debug|x86.Build.0 = Debug|Win32
		{3071D830-8092-4357-9BA5-78C540A2FB58}.Release|x64.ActiveCfg = Release|x64
		{3071D830-8092-4357-9BA5-78C540A2FB58}.Release|x64.Build.0 = Release|x64
		{3071D830-8092-4357-9BA5-78C540A2FB58}.Release|x86.ActiveCfg = Release|Win32
		{3071D830-8092-4357-9BA5-78C540A2FB58}.Release|x86.Build.0 = Release|Win32
		{0C10B328-0DA5-4AE0-A528-DE67D87659E3}.Debug|x64.ActiveCfg = Debug|x64
		{0C10B328-0DA5-4AE0-A528-DE67D87659E3}.Debug|x64.Build.0 = Debug|x64
		{0C10B328-0DA5-4AE0-A528-DE67D87659E3}.Debug|x86.ActiveCfg = Debug|Win32
		{0C10B328-0DA5-4AE0-A528-DE67D87659E3}.Debug|x86.Build.0 = Debug|Win32
		{0C10B328-0DA5-4AE0-A528-DE67D87659E3}.Release|x64.ActiveCfg = Release|x64
		{0C10B328-0DA5-4AE0-A528-DE67D87659E3}.Release|x64.Build.0 = Release|x64
		{0C10B328-0DA5-4AE0-A528-DE67D87659E3}.Release|x86.ActiveCfg = Release|Win32
		{0C10B328-0DA5-4AE0-A528-DE67D87659E3}.Release|x86.Build.0 = Release|Win32
		{8FE6EC5B-EA48-4D88-BB1F-F641F92BA536}.Debug|x64.ActiveCfg = Debug|x64
		{8FE6EC5B-EA48-4D88-BB1F-F641F92BA536}.Debug|x64.Build.0 = Debug|x64
		{8FE6EC5B-EA48-4D88-BB1F-F641F92BA536}.Debug|x86.ActiveCfg = Debug|Win32
		{8FE6EC5B-EA48-4D88-BB1F-F641F92BA536}.Debug|x86.Build.0 = Debug|Win32
		{8FE6EC5B-EA48-4D88-BB1F-F641F92BA536}.Release|x64.ActiveCfg = Release|x64
		{8FE6EC5B-EA48-4D88-BB1F-F641F92BA536}.Release|x64.Build.0 = Release|x64
		{8FE6EC5B-EA48-4D88-BB1F-F641F92BA536}.Release|x86.ActiveCfg = Release|Win32
		{8FE6EC5B-EA48-4D88-BB1F-F641F92BA536}.Release|x86.Build.0 = Release|Win32
		{AAF35EE0-21B4-43BE-B3B9-EA370E23B2CF}.Debug|x64.ActiveCfg = Debug|x64
		{AAF35EE0-21B4-43BE-B3B9-EA370E23B2CF}.Debug|x64.Build.0 = Debug|x64
		{AAF35EE0-21B4-43BE-B3B9-EA370E23B2CF}.Debug|x86.ActiveCfg = Debug|Win32
		{AAF35EE0-21B4-43BE-B3B9-EA370E23B2CF}.Debug|x86.Build.0 = Debug|Win32
		{AAF35EE0-21B4-43BE-B3B9-EA370E23B2CF}.Release|x64.ActiveCfg = Release|x64
		{AAF35EE0-21B4-43BE-B3B9-EA370E23B2CF}.Release|x64.Build.0 = Release|x64
		{AAF35EE0-21B4-43BE-B3B9-EA370E23B2CF}.Release|x86.ActiveCfg = Release|Win32
		{AAF35EE0-21B4-43BE-B3B9-EA370E23B2CF}.Release|x86.Build.0 = Release|Win32
		{82FFAA4F-13C3-4ED7-A197-4E74B73F9936}.Debug|x64.ActiveCfg = Debug|x64
		{82FFAA4F-13C3-4ED7-A197-4E74B73F9936}.Debug|x64.Build.0 = Debug|x64
		{82FFAA4F-13C3-4ED7-A197-4E74B73F9936}.Debug|x86.ActiveCfg = Debug|Win32
		{82FFAA4F-13C3-4ED7-A197-4E74B73F9936}.Debug|x86.Build.0 = Debug|Win32
		{82FFAA4F-13C3-4ED7-A197-4E74B73F9936}.Release|x64.ActiveCfg = Release|x64
		{82FFAA4F-13C3-4ED7-A197-4E74B73F9936}.Release|x64.Build.0 = Release|x64
		{82FFAA4F-13C3-4ED7-A197-4E74B73F9936}.Release|x86.ActiveCfg = Release|Win32
		{82FFAA4F-13C3-4ED7-A197-4E74B73F9936}.Release|x86.Build.0 = Release|Win32
		{5D71809E-155A-4108-AA06-A96C2CC1A38C}.Debug|x64.ActiveCfg = Debug|x64
		{5D71809E-155A-4108-AA06-A96C2CC1A38C}.Debug|x64.Build.0 = Debug|x64
		{5D71809E-155A-4108-AA06-A96C2CC1A38C}.Debug|x86.ActiveCfg = Debug|Win32
		{5D71809E-155A-4108-AA06-A96C2CC1A38C}.Debug|x86.Build.0 = Debug|Win32
		{5D71809E-155A-4108-AA06-A96C2CC1A38C}.Release|x64.ActiveCfg = Release|x64
		{5D71809E-155A-4108-AA06-A96C2CC1A38C}.Release|x64.Build.0 = Release|x64
		{5D71809E-155A-4108-AA06-A96C2CC1A38C}.Release|x86.ActiveCfg = Release|Win32
		{5D71809E-155A-4108-AA06-A96C2CC1A38C}.Release|x86.Build.0 = Release|Win32
		{DAC3D783-D4C2-43DF-9103-C50B18C0EA89}.Debug|x64.ActiveCfg = Debug|x64
		{DAC3D783-D4C2-43DF-9103-C50B18C0EA89}.Debug|x64.Build.0 = Debug|x64
		{DAC3D783-D4C2-43DF-9103-C50B18C0EA89}.Debug|x86.ActiveCfg = Debug|Win32
		{DAC3D783-D4C2-43DF-9103-C50B18C0EA89}.Debug|x86.Build.0 = Debug|Win32
		{DAC3D783-D4C2-43DF-9103-C50B18C0EA89}.Release|x64.ActiveCfg = Release|x64
		{DAC3D783-D4C2-43DF-9103-C50B18C0EA89}.Release|x64.Build.0 = Release|x64
		{DAC3D783-D4C2-43DF-9103-C50B18C0EA89}.Release|x86.ActiveCfg = Release|Win32
		{DAC3D783-D4C2-43DF-9103-C50B18C0EA89}.Release|x86.Build.0 = Release|Win32
		{B0A62795-51EE-4685-8369-684FF50D6315}.Debug|x64.ActiveCfg = Debug|x64
		{B0A62795-51EE-4685-8369-684FF50D6315}.Debug|x64.Build.0 = Debug|x64
		{B0A62795-51EE-4685-8369-684FF50D6315}.Debug|x86.ActiveCfg = Debug|Win32
		{B0A62795-51EE-4685-8369-684FF50D6315}.Debug|x86.Build.0 = Debug|Win32
		{B0A62795-51EE-4685-8369-684FF50D6315}.Release|x64.ActiveCfg = Release|x64
		{B0A62795-51EE-4685-8369-684FF50D6315}.Release|x64.Build.0 = Release|x64
		{B0A62795-51EE-4685-8369-684FF50D6315}.Release|x86.ActiveCfg = Release|Win32
		{B0A62795-51EE-4685-8369-684FF50D6315}.Release|x86.Build.0 = Release|Win32
		{29CE8568-08F4-4BCC-8DED-A91775291E31}.Debug|x64.ActiveCfg = Debug|x64
		{29CE8568-08F4-4BCC-8DED-A91775291E31}.Debug|x64.Build.0 = Debug|x64
		{29CE8568-08F4-4BCC-8DED-A91775291E31}.Debug|x86.ActiveCfg = Debug|Win32
		{29CE8568-08F4-4BCC-8DED-A91775291E31}.Debug|x86.Build.0 = Debug|Win32
		{29CE8568-08F4-4BCC-8DED-A91775291E31}.Release|x64.ActiveCfg = Release|x64
		{29CE8568-08F4-4BCC-8DED-A91775291E31}.Release|x64.Build.0 = Release|x64
		{29CE8568-08F4-4BCC-8DED-A91775291E31}.Release|x86.ActiveCfg = Release|Win32
		{29CE8568-08F4-4BCC-8DED-A91775291E31}.Release|x86.Build.0 = Release|Win32
		{F15EB2D3-AC63-489A-9E4F-F56716C44DFC}.Debug|x64.ActiveCfg = Debug|x64
		{F15EB2D3-AC63-489A-9E4F-F56716C44DFC}.Debug|x64.Build.0 = Debug|x64
		{F15EB2D3-AC63-489A-9E4F-F56716C44DFC}.Debug|x86.ActiveCfg = Debug|Win32
		{F15EB2D3-AC63-489A-9E4F-F56716C44DFC}.Debug|x86.Build.0 = Debug|Win32
		{F15EB2D3-AC63-489A-9E4F-F56716C44DFC}.Release|x64.ActiveCfg = Release|x64
		{F15EB2D3-AC63-489A-9E4F-F56716C44DFC}.Release|x64.Build.0 = Release|x64
		{F15EB2D3-AC63-489A-9E4F-F56716C44DFC}.Release|x86.ActiveCfg = Release|Win32
		{F15EB2D3-AC63-489A-9E4F-F56716C44DFC}.Release|x86.Build.0 = Release|Win32
		{5E930197-1826-4C7D-B57E-978D9A14FAD1}.Debug|x64.ActiveCfg = Debug|x64
		{5E930197-1826-4C7D-B57E-978D9A14FAD1}.Debug|x64.Build.0 = Debug|x64
		{5E930197-1826-4C7D-B57E-978D9A14FAD1}.Debug|x86.ActiveCfg = Debug|Win32
		{5E930197-1826-4C7D-B57E-978D9A14FAD1}.Debug|x86.Build.0 = Debug|Win32
		{5E930197-1826-4C7D-B57E-978D9A14FAD1}.Release|x64.ActiveCfg = Release|x64
		{5E930197-1826-4C7D-B57E-978D9A14FAD1}.Release|x64.Build.0 = Release|x64
		{5E930197-1826-4C7D-B57E-978D9A14FAD1}.Release|x86.ActiveCfg = Release|Win32
		{5E930197-1826-4C7D-B57E-978D9A14FAD1}.Release|x86.Build.0 = Release|Win32
		{042F5C6B-8640-4C7C-A668-E75E1D93D633}.Debug|x64.ActiveCfg = Debug|x64
		{042F5C6B-8640-4C7C-A668-E75E1D93D633}.Debug|x64.Build.0 = Debug|x64
		{042F5C6B-8640-4C7C-A668-E75E1D93D633}.Debug|x86.ActiveCfg = Debug|Win32
		{042F5C6B-8640-4C7C-A668-E75E1D93D633}.Debug|x86.Build.0 = Debug|Win32
		{042F5C6B-8640-4C7C-A668-E75E1D93D633}.Release|x64.ActiveCfg = Release|x64
		{042F5C6B-8640-4C7C-A668-E75E1D93D633}.Release|x64.Build.0 = Release|x64
		{042F5C6B-8640-4C7C-A668-E75E1D93D633}.Release|x86.ActiveCfg = Release|Win32
		{042F5C6B-8640-4C7C-A668-E75E1D93D633}.Release|x86.Build.0 = Release|Win32
		{DD63619C-7885-4B20-8E2B-7CBB80C6FFE7}.Debug|x64.ActiveCfg = Debug|x64
		{DD63619C-7885-4B20-8E2B-7CBB80C6FFE7}.Debug|x64.Build.0 = Debug|x64
		{DD63619C-7885-4B20-8E2B-7CBB80C6FFE7}.Debug|x86.ActiveCfg = Debug|Win32
		{DD63619C-7885-4B20-8E2B-7CBB80C6FFE7}.Debug|x86.Build.0 = Debug|Win32
		{DD63619C-7885-4B20-8E2B-7CBB80C6FFE7}.Release|x64.ActiveCfg = Release|x64
		{DD63619C-7885-4B20-8E2B-7CBB80C6FFE7}.Release|x64.Build.0 = Release|x64
		{DD63619C-7885-4B20-8E2B-7CBB80C6FFE7}.Release|x86.ActiveCfg = Release|Win32
		{DD63619C-7885-4B20-8E2B-7CBB80C6FFE7}.Release|x86.Build.0 = Release|Win32
		{CDB1049F-1734-4555-A068-58F71CA67D25}.Debug|x64.ActiveCfg = Debug|x64
		{CDB1049F-1734-4555-A068-58F71CA67D25}.Debug|x64.Build.0 = Debug|x64
		{CDB1049F-1734-4555-A068-58F71CA67D25}.Debug|x86.ActiveCfg = Debug|Win32
		{CDB1049F-1734-4555-A068-58F71CA67D25}.Debug|x86.Build.0 = Debug|Win32
		{CDB1049F-1734-4555-A068-58F71CA67D25}.Release|x64.ActiveCfg = Release|x64
		{CDB1049F-1734-4555-A068-58F71CA67D25}.Release|x64.Build.0 = Release|x64
		{CDB1049F-1734-4555-A068-58F71CA67D25}.Release|x86.ActiveCfg = Release|Win32
		{CDB1049F-1734-4555-A068-58F71CA67D25}.Release|x86.Build.0 = Release|Win32
		{1E32397A-83B9-4D51-A4A2-546A81FBBAD2}.Debug|x64.ActiveCfg = Debug|x64
		{1E32397A-83B9-4D51-A4A2-546A81FBBAD2}.Debug|x64.Build.0 = Debug|x64
		{1E32397A-83B9-4D51-A4A2-546A81FBBAD2}.Debug|x86.ActiveCfg = Debug|Win32
		{1E32397A-83B9-4D51-A4A2-546A81FBBAD2}.Debug|x86.Build.0 = Debug|Win32
		{1E32397A-83B9-4D51-A4A2-546A81FBBAD2}.Release|x64.ActiveCfg = Release|x64
		{1E32397A-83B9-4D51-A4A2-546A81FBBAD2}.Release|x64.Build.0 = Release|x64
		{1E32397A-83B9-4D51-A4A2-546A81FBBAD2}.Release|x86.ActiveCfg = Release|Win32
		{1E32397A-83B9-4D51-A4A2-546A81FBBAD2}.Release|x86.Build.0 = Release|Win32
		{B18F4D3F-4C8C-40FA-A4F6-F51F055FADEA}.Debug|x64.ActiveCfg = Debug|x64
		{B18F4D3F-4C8C-40FA-A4F6-F51F055FADEA}.Debug|x64.Build.0 = Debug|x64
		{B18F4D3F-4C8C-40FA-A4F6-F51F055FADEA}.Debug|x86.ActiveCfg = Debug|Win32
		{B18F4D3F-4C8C-40FA-A4F6-F51F055FADEA}.Debug|x86.Build.0 = Debug|Win32
		{B18F4D3F-4C8C-40FA-A4F6-F51F055FADEA}.Release|x64.ActiveCfg = Release|x64
		{B18F4D3F-4C8C-40FA-A4F6-F51F055FADEA}.Release|x64.Build.0 = Release|x64
		{B18F4D3F-4C8C-40FA-A4F6-F51F055FADEA}.Release|x86.ActiveCfg = Release|Win32
		{B18F4D3F-4C8C-40FA-A4F6-F51F055FADEA}.Release|x86.Build.0 = Release|Win32
		{8DDB2A6E-8B24-447D-8FB1-35802EB0FD7F}.Debug|x64.ActiveCfg = Debug|x64
		{8DDB2A6E-8B24-447D-8FB1-35802EB0FD7F}.Debug|x64.Build.0 = Debug|x64
		{8DDB2A6E-8B24-447D-8FB1-35802EB0FD7F}.Debug|x86.ActiveCfg = Debug|Win32
		{8DDB2A6E-8B24-447D-8FB1-35802EB0FD7F}.Debug|x86.Build.0 = Debug|Win32
		{8DDB2A6E-8B24-447D-8FB1-35802EB0FD7F}.Release|x64.ActiveCfg = Release|x64
		{8DDB2A6E-8B24-447D-8FB1-35802EB0FD7F}.Release|x64.Build.0 = Release|x64
		{8DDB2A6E-8B24-447D-8FB1-35802EB0FD7F}.Release|x86.ActiveCfg = Release|Win32
		{8DDB2A6E-8B24-447D-8FB1-35802EB0FD7F}.Release|x86.Build.0 = Release|Win32
	EndGlobalSection
	GlobalSection(SolutionProperties) = preSolution
		HideSolutionNode = FALSE
	EndGlobalSection
	GlobalSection(ExtensibilityGlobals) = postSolution
		SolutionGuid = {B9FEFF87-987E-494F-AD8D-19AFCCE0AC75}
	EndGlobalSection
EndGlobal
